PODS:
  - Alamofire (4.8.2)
  - AlamofireObjectMapper (5.2.0):
    - Alamofire (~> 4.7)
    - ObjectMapper (~> 3.4)
  - BigInt (3.1.0):
    - SipHash (~> 1.2)
  - CryptoSwift (1.0.0)
  - Firebase/Core (5.20.1):
    - Firebase/CoreOnly
    - FirebaseAnalytics (= 5.8.0)
  - Firebase/CoreOnly (5.20.1):
    - FirebaseCore (= 5.4.1)
  - Firebase/Messaging (5.20.1):
    - Firebase/CoreOnly
    - FirebaseMessaging (= 3.5.0)
  - FirebaseAnalytics (5.8.0):
    - FirebaseCore (~> 5.4)
    - FirebaseInstanceID (~> 3.8)
    - GoogleAppMeasurement (= 5.8.0)
    - GoogleUtilities/AppDelegateSwizzler (~> 5.2)
    - GoogleUtilities/MethodSwizzler (~> 5.2)
    - GoogleUtilities/Network (~> 5.2)
    - "GoogleUtilities/NSData+zlib (~> 5.2)"
    - nanopb (~> 0.3)
  - FirebaseAnalyticsInterop (1.2.0)
  - FirebaseCore (5.4.1):
    - GoogleUtilities/Environment (~> 5.2)
    - GoogleUtilities/Logger (~> 5.2)
  - FirebaseInstanceID (3.8.1):
    - FirebaseCore (~> 5.2)
    - GoogleUtilities/Environment (~> 5.2)
    - GoogleUtilities/UserDefaults (~> 5.2)
  - FirebaseMessaging (3.5.0):
    - FirebaseAnalyticsInterop (~> 1.1)
    - FirebaseCore (~> 5.2)
    - FirebaseInstanceID (~> 3.6)
    - GoogleUtilities/Environment (~> 5.3)
    - GoogleUtilities/Reachability (~> 5.3)
    - GoogleUtilities/UserDefaults (~> 5.3)
    - Protobuf (~> 3.1)
  - GoogleAppMeasurement (5.8.0):
    - GoogleUtilities/AppDelegateSwizzler (~> 5.2)
    - GoogleUtilities/MethodSwizzler (~> 5.2)
    - GoogleUtilities/Network (~> 5.2)
    - "GoogleUtilities/NSData+zlib (~> 5.2)"
    - nanopb (~> 0.3)
  - GoogleUtilities/AppDelegateSwizzler (5.5.0):
    - GoogleUtilities/Environment
    - GoogleUtilities/Logger
    - GoogleUtilities/Network
  - GoogleUtilities/Environment (5.5.0)
  - GoogleUtilities/Logger (5.5.0):
    - GoogleUtilities/Environment
  - GoogleUtilities/MethodSwizzler (5.5.0):
    - GoogleUtilities/Logger
  - GoogleUtilities/Network (5.5.0):
    - GoogleUtilities/Logger
    - "GoogleUtilities/NSData+zlib"
    - GoogleUtilities/Reachability
  - "GoogleUtilities/NSData+zlib (5.5.0)"
  - GoogleUtilities/Reachability (5.5.0):
    - GoogleUtilities/Logger
  - GoogleUtilities/UserDefaults (5.5.0):
    - GoogleUtilities/Logger
  - lottie-ios (3.0.3)
  - nanopb (0.3.901):
    - nanopb/decode (= 0.3.901)
    - nanopb/encode (= 0.3.901)
  - nanopb/decode (0.3.901)
  - nanopb/encode (0.3.901)
  - ObjectMapper (3.4.2)
  - Protobuf (3.7.0)
  - QRCode (2.0)
  - secp256k1.swift (0.1.4)
  - SipHash (1.2.2)

DEPENDENCIES:
  - AlamofireObjectMapper (~> 5.2)
  - BigInt
  - CryptoSwift
  - Firebase/Core
  - Firebase/Messaging
  - lottie-ios
  - QRCode
  - secp256k1.swift

SPEC REPOS:
  https://github.com/cocoapods/specs.git:
    - Alamofire
    - AlamofireObjectMapper
    - BigInt
    - CryptoSwift
    - Firebase
    - FirebaseAnalytics
    - FirebaseAnalyticsInterop
    - FirebaseCore
    - FirebaseInstanceID
    - FirebaseMessaging
    - GoogleAppMeasurement
    - GoogleUtilities
    - lottie-ios
    - nanopb
    - ObjectMapper
    - Protobuf
    - QRCode
    - secp256k1.swift
    - SipHash

SPEC CHECKSUMS:
  Alamofire: ae5c501addb7afdbb13687d7f2f722c78734c2d3
  AlamofireObjectMapper: 92b6ce2423a9d159e686f6a1d514a009bf903ddc
  BigInt: 76b5dfdfa3e2e478d4ffdf161aeede5502e2742f
  CryptoSwift: d81eeaa59dc5a8d03720fe919a6fd07b51f7439f
  Firebase: 2f5235e62f141cb86181c3af0dfe4509706351ac
  FirebaseAnalytics: fd72a26bf8dac84cefba2f0864366f718555a5b0
  FirebaseAnalyticsInterop: efbe45c8385ec626e29f9525e5ebd38520dfb6c1
  FirebaseCore: f1a9a8be1aee4bf71a2fc0f4096df6788bdfda61
  FirebaseInstanceID: a122b0c258720cf250551bb2bedf48c699f80d90
  FirebaseMessaging: 4235f949ce1c4e827aeb19705ba5c53f9b85aa10
  GoogleAppMeasurement: 1624046ab1bcc5e170061a56ef5679000b079c8e
  GoogleUtilities: 6481e6318c5fcabaaa8513ef8120f329055d7c10
  lottie-ios: 06e0b54aab85ba128e332687d7f4ac4861a7a7ae
  nanopb: 2901f78ea1b7b4015c860c2fdd1ea2fee1a18d48
  ObjectMapper: 0d4402610f4e468903ae64629eec4784531e5c51
  Protobuf: 7a877b7f3e5964e3fce995e2eb323dbc6831bb5a
  QRCode: f98a1886c8f37523704a7512a4c0cd45b34c18a4
  secp256k1.swift: a7e7a214f6db6ce5db32cc6b2b45e5c4dd633634
  SipHash: fad90a4683e420c52ef28063063dbbce248ea6d4

PODFILE CHECKSUM: ee161aa9cad40a6496248f949c29ca4e15c6792f

COCOAPODS: 1.6.1
