// !$*UTF8*$!
{
	archiveVersion = 1;
	classes = {
	};
	objectVersion = 50;
	objects = {

/* Begin PBXBuildFile section */
		041113942292A63100E0222D /* splash.json in Resources */ = {isa = PBXBuildFile; fileRef = 041113932292A63100E0222D /* splash.json */; };
		04116B2D2293992E00CFD921 /* BTCTransactionCell.xib in Resources */ = {isa = PBXBuildFile; fileRef = 04116B2C2293992E00CFD921 /* BTCTransactionCell.xib */; };
		04116B2F2293994E00CFD921 /* BTCTransactionCell.swift in Sources */ = {isa = PBXBuildFile; fileRef = 04116B2E2293994E00CFD921 /* BTCTransactionCell.swift */; };
		04116B322293DAAD00CFD921 /* ETHCoinDataSource.swift in Sources */ = {isa = PBXBuildFile; fileRef = 04116B312293DAAD00CFD921 /* ETHCoinDataSource.swift */; };
		04116B342293DB9500CFD921 /* BTCTransactionDataSource.swift in Sources */ = {isa = PBXBuildFile; fileRef = 04116B332293DB9500CFD921 /* BTCTransactionDataSource.swift */; };
		04200F6522A66DDE00FE2A31 /* PlanetNameController.swift in Sources */ = {isa = PBXBuildFile; fileRef = 04200F6422A66DDE00FE2A31 /* PlanetNameController.swift */; };
		0429A6FF22929DC900E88ACF /* ETHCoinCell.xib in Resources */ = {isa = PBXBuildFile; fileRef = 0429A6FE22929DC900E88ACF /* ETHCoinCell.xib */; };
		0429A70122929DDE00E88ACF /* ETHCoinCell.swift in Sources */ = {isa = PBXBuildFile; fileRef = 0429A70022929DDE00E88ACF /* ETHCoinCell.swift */; };
		042FF40E22B3342C00666DF9 /* Toast.swift in Sources */ = {isa = PBXBuildFile; fileRef = 042FF40D22B3342C00666DF9 /* Toast.swift */; };
		042FF41222B34CF300666DF9 /* Extension + UILabel.swift in Sources */ = {isa = PBXBuildFile; fileRef = 042FF41122B34CF300666DF9 /* Extension + UILabel.swift */; };
		042FF41422B36BFE00666DF9 /* PWSlider.swift in Sources */ = {isa = PBXBuildFile; fileRef = 042FF41322B36BFE00666DF9 /* PWSlider.swift */; };
		042FF41622B3774300666DF9 /* QROverlay.swift in Sources */ = {isa = PBXBuildFile; fileRef = 042FF41522B3774300666DF9 /* QROverlay.swift */; };
		042FF41822B3822000666DF9 /* BottomMenuTokenView.xib in Resources */ = {isa = PBXBuildFile; fileRef = 042FF41722B3822000666DF9 /* BottomMenuTokenView.xib */; };
		042FF41A22B3823000666DF9 /* BottomMenuTokenView.swift in Sources */ = {isa = PBXBuildFile; fileRef = 042FF41922B3823000666DF9 /* BottomMenuTokenView.swift */; };
		0444A95F228BF0AD00232748 /* NoticeCell.xib in Resources */ = {isa = PBXBuildFile; fileRef = 0444A95E228BF0AD00232748 /* NoticeCell.xib */; };
		0444A961228C041600232748 /* NoticeCell.swift in Sources */ = {isa = PBXBuildFile; fileRef = 0444A960228C041600232748 /* NoticeCell.swift */; };
		0444D09D22A512D6001E412C /* BottomMenuView.swift in Sources */ = {isa = PBXBuildFile; fileRef = 0444D09B22A512D5001E412C /* BottomMenuView.swift */; };
		0444D09E22A512D6001E412C /* BottomMenuView.xib in Resources */ = {isa = PBXBuildFile; fileRef = 0444D09C22A512D6001E412C /* BottomMenuView.xib */; };
		0444D0A022A51400001E412C /* PWBlurView.swift in Sources */ = {isa = PBXBuildFile; fileRef = 0444D09F22A51400001E412C /* PWBlurView.swift */; };
		04491C2022B8988C00A5DC14 /* TransferAmountController.swift in Sources */ = {isa = PBXBuildFile; fileRef = 04491C1F22B8988C00A5DC14 /* TransferAmountController.swift */; };
		04491C2222B8D02500A5DC14 /* TransferConfirmController.swift in Sources */ = {isa = PBXBuildFile; fileRef = 04491C2122B8D02500A5DC14 /* TransferConfirmController.swift */; };
		044A43DD22A0BD3300274B04 /* splash_wh.json in Resources */ = {isa = PBXBuildFile; fileRef = 044A43DC22A0BD3300274B04 /* splash_wh.json */; };
		044A43DF22A0C59D00274B04 /* MainNavigationController.swift in Sources */ = {isa = PBXBuildFile; fileRef = 044A43DE22A0C59D00274B04 /* MainNavigationController.swift */; };
		044A43E322A117C100274B04 /* TEstViewController.swift in Sources */ = {isa = PBXBuildFile; fileRef = 044A43E222A117C100274B04 /* TEstViewController.swift */; };
		044BC54722793D3F00FD7E5E /* AppDelegate.swift in Sources */ = {isa = PBXBuildFile; fileRef = 044BC54622793D3F00FD7E5E /* AppDelegate.swift */; };
		044BC54922793D3F00FD7E5E /* SplashController.swift in Sources */ = {isa = PBXBuildFile; fileRef = 044BC54822793D3F00FD7E5E /* SplashController.swift */; };
		044BC54E22793D4000FD7E5E /* Assets.xcassets in Resources */ = {isa = PBXBuildFile; fileRef = 044BC54D22793D4000FD7E5E /* Assets.xcassets */; };
		044BC56822793F8800FD7E5E /* 4_Main.storyboard in Resources */ = {isa = PBXBuildFile; fileRef = 044BC56722793F8800FD7E5E /* 4_Main.storyboard */; };
		044BC573227943CD00FD7E5E /* PinCodeRegistrationController.swift in Sources */ = {isa = PBXBuildFile; fileRef = 044BC572227943CD00FD7E5E /* PinCodeRegistrationController.swift */; };
		044BC575227943DF00FD7E5E /* PinCodeCertificationController.swift in Sources */ = {isa = PBXBuildFile; fileRef = 044BC574227943DF00FD7E5E /* PinCodeCertificationController.swift */; };
		044BC577227943F400FD7E5E /* WalletAddController.swift in Sources */ = {isa = PBXBuildFile; fileRef = 044BC576227943F400FD7E5E /* WalletAddController.swift */; };
		044BC5792279440D00FD7E5E /* PlanetGenerateController.swift in Sources */ = {isa = PBXBuildFile; fileRef = 044BC5782279440D00FD7E5E /* PlanetGenerateController.swift */; };
		044BC57B2279441F00FD7E5E /* WalletImportController.swift in Sources */ = {isa = PBXBuildFile; fileRef = 044BC57A2279441F00FD7E5E /* WalletImportController.swift */; };
		044BC57D2279443800FD7E5E /* MnemonicImportController.swift in Sources */ = {isa = PBXBuildFile; fileRef = 044BC57C2279443800FD7E5E /* MnemonicImportController.swift */; };
		044BC57F2279444B00FD7E5E /* JSONImportController.swift in Sources */ = {isa = PBXBuildFile; fileRef = 044BC57E2279444B00FD7E5E /* JSONImportController.swift */; };
		044BC5812279445D00FD7E5E /* PrivateKeyImportController.swift in Sources */ = {isa = PBXBuildFile; fileRef = 044BC5802279445D00FD7E5E /* PrivateKeyImportController.swift */; };
		044BC5832279446E00FD7E5E /* MainController.swift in Sources */ = {isa = PBXBuildFile; fileRef = 044BC5822279446E00FD7E5E /* MainController.swift */; };
		044BC5852279447A00FD7E5E /* TokenAddController.swift in Sources */ = {isa = PBXBuildFile; fileRef = 044BC5842279447A00FD7E5E /* TokenAddController.swift */; };
		044BC5872279448D00FD7E5E /* SettingController.swift in Sources */ = {isa = PBXBuildFile; fileRef = 044BC5862279448D00FD7E5E /* SettingController.swift */; };
		044BC58A227944A400FD7E5E /* TokenListController.swift in Sources */ = {isa = PBXBuildFile; fileRef = 044BC589227944A400FD7E5E /* TokenListController.swift */; };
		044BC58C227944B000FD7E5E /* CustomTokenController.swift in Sources */ = {isa = PBXBuildFile; fileRef = 044BC58B227944B000FD7E5E /* CustomTokenController.swift */; };
		044BC58E22794C4400FD7E5E /* AppConstant.swift in Sources */ = {isa = PBXBuildFile; fileRef = 044BC58D22794C4400FD7E5E /* AppConstant.swift */; };
		044BC59022794ED200FD7E5E /* Utils.swift in Sources */ = {isa = PBXBuildFile; fileRef = 044BC58F22794ED200FD7E5E /* Utils.swift */; };
		044BC59222794EFC00FD7E5E /* Extension + Color.swift in Sources */ = {isa = PBXBuildFile; fileRef = 044BC59122794EFC00FD7E5E /* Extension + Color.swift */; };
		044BC5942279704900FD7E5E /* Extension + UIView.swift in Sources */ = {isa = PBXBuildFile; fileRef = 044BC5932279704900FD7E5E /* Extension + UIView.swift */; };
		044BC5962279705C00FD7E5E /* Extension + String.swift in Sources */ = {isa = PBXBuildFile; fileRef = 044BC5952279705C00FD7E5E /* Extension + String.swift */; };
		044BC5982279707800FD7E5E /* Extension + Array.swift in Sources */ = {isa = PBXBuildFile; fileRef = 044BC5972279707800FD7E5E /* Extension + Array.swift */; };
		044BC59A227970A000FD7E5E /* Extension + Data.swift in Sources */ = {isa = PBXBuildFile; fileRef = 044BC599227970A000FD7E5E /* Extension + Data.swift */; };
		044BC59C2279A18B00FD7E5E /* TransferController.swift in Sources */ = {isa = PBXBuildFile; fileRef = 044BC59B2279A18B00FD7E5E /* TransferController.swift */; };
		044BC59E2279A2E800FD7E5E /* PList.swift in Sources */ = {isa = PBXBuildFile; fileRef = 044BC59D2279A2E800FD7E5E /* PList.swift */; };
		044BC5A4227AA0FC00FD7E5E /* PlanetWalletViewController.swift in Sources */ = {isa = PBXBuildFile; fileRef = 044BC5A3227A9FF600FD7E5E /* PlanetWalletViewController.swift */; };
		044BC5BC227AE2C700FD7E5E /* PinView.swift in Sources */ = {isa = PBXBuildFile; fileRef = 044BC5B8227AE2C600FD7E5E /* PinView.swift */; };
		044BC5BD227AE2C700FD7E5E /* PinView.xib in Resources */ = {isa = PBXBuildFile; fileRef = 044BC5B9227AE2C600FD7E5E /* PinView.xib */; };
		044BC5C1227AF7BC00FD7E5E /* NumberPad.xib in Resources */ = {isa = PBXBuildFile; fileRef = 044BC5C0227AF7BC00FD7E5E /* NumberPad.xib */; };
		044BC5C3227B000700FD7E5E /* NumberPad.swift in Sources */ = {isa = PBXBuildFile; fileRef = 044BC5C2227B000700FD7E5E /* NumberPad.swift */; };
		044BC5C5227BCDD500FD7E5E /* CharPad.xib in Resources */ = {isa = PBXBuildFile; fileRef = 044BC5C4227BCDD500FD7E5E /* CharPad.xib */; };
		044BC5C7227BCDE300FD7E5E /* CharPad.swift in Sources */ = {isa = PBXBuildFile; fileRef = 044BC5C6227BCDE300FD7E5E /* CharPad.swift */; };
		045049462294E7040046E343 /* LocalAuthentication.framework in Frameworks */ = {isa = PBXBuildFile; fileRef = 045049452294E7040046E343 /* LocalAuthentication.framework */; };
		04675F19229B90C200DC3CFD /* Extension + CALayer.swift in Sources */ = {isa = PBXBuildFile; fileRef = 04675F18229B90C200DC3CFD /* Extension + CALayer.swift */; };
		04675F1F229BBD9F00DC3CFD /* BottomMenuLauncher.swift in Sources */ = {isa = PBXBuildFile; fileRef = 04675F1E229BBD9F00DC3CFD /* BottomMenuLauncher.swift */; };
		04675F26229BD38500DC3CFD /* refreshAnim1.json in Resources */ = {isa = PBXBuildFile; fileRef = 04675F23229BD38500DC3CFD /* refreshAnim1.json */; };
		04675F29229BD3A200DC3CFD /* refreshAnim2.json in Resources */ = {isa = PBXBuildFile; fileRef = 04675F27229BD3A200DC3CFD /* refreshAnim2.json */; };
		04675F2A229BD3A200DC3CFD /* refreshAnim3.json in Resources */ = {isa = PBXBuildFile; fileRef = 04675F28229BD3A200DC3CFD /* refreshAnim3.json */; };
		0468C5F722966D52008307D8 /* TopMenuLauncher.swift in Sources */ = {isa = PBXBuildFile; fileRef = 0468C5F622966D52008307D8 /* TopMenuLauncher.swift */; };
		0468C5F922966D7E008307D8 /* TopMenuView.xib in Resources */ = {isa = PBXBuildFile; fileRef = 0468C5F822966D7E008307D8 /* TopMenuView.xib */; };
		0468C5FB22966D8A008307D8 /* TopMenuView.swift in Sources */ = {isa = PBXBuildFile; fileRef = 0468C5FA22966D8A008307D8 /* TopMenuView.swift */; };
		0468C5FD22966E15008307D8 /* TopMenuCell.xib in Resources */ = {isa = PBXBuildFile; fileRef = 0468C5FC22966E15008307D8 /* TopMenuCell.xib */; };
		0468C5FF22966E23008307D8 /* TopMenuCell.swift in Sources */ = {isa = PBXBuildFile; fileRef = 0468C5FE22966E23008307D8 /* TopMenuCell.swift */; };
		0472831322B878F7002EF9E5 /* QRCaptureController.swift in Sources */ = {isa = PBXBuildFile; fileRef = 0472831222B878F7002EF9E5 /* QRCaptureController.swift */; };
		04738B4E22818BD100758E56 /* Extension + UIButton.swift in Sources */ = {isa = PBXBuildFile; fileRef = 04738B4D22818BD100758E56 /* Extension + UIButton.swift */; };
		04738B502282749C00758E56 /* ColorTheme.swift in Sources */ = {isa = PBXBuildFile; fileRef = 04738B4F2282749C00758E56 /* ColorTheme.swift */; };
		04772E3F228AA91900049F89 /* PWSwitch.swift in Sources */ = {isa = PBXBuildFile; fileRef = 04772E3E228AA91900049F89 /* PWSwitch.swift */; };
		04772E41228AB5F000049F89 /* CountryCodeCell.swift in Sources */ = {isa = PBXBuildFile; fileRef = 04772E40228AB5F000049F89 /* CountryCodeCell.swift */; };
		04772E43228AB65B00049F89 /* CountryCodeCell.xib in Resources */ = {isa = PBXBuildFile; fileRef = 04772E42228AB65B00049F89 /* CountryCodeCell.xib */; };
		047A2CA122AF7D130053D153 /* Crypto.swift in Sources */ = {isa = PBXBuildFile; fileRef = 047A2CA022AF7D130053D153 /* Crypto.swift */; };
		04A551B922A7948B007A17A3 /* 7_Settings.storyboard in Resources */ = {isa = PBXBuildFile; fileRef = 04A551B822A7948A007A17A3 /* 7_Settings.storyboard */; };
		04A551C322A794EF007A17A3 /* 2_PinCode.storyboard in Resources */ = {isa = PBXBuildFile; fileRef = 04A551BA22A794E9007A17A3 /* 2_PinCode.storyboard */; };
		04A551C422A794EF007A17A3 /* 5_Token.storyboard in Resources */ = {isa = PBXBuildFile; fileRef = 04A551BB22A794E9007A17A3 /* 5_Token.storyboard */; };
		04A551C522A794EF007A17A3 /* 1_Splash.storyboard in Resources */ = {isa = PBXBuildFile; fileRef = 04A551BC22A794EA007A17A3 /* 1_Splash.storyboard */; };
		04A551C622A794EF007A17A3 /* 7_2_Account.storyboard in Resources */ = {isa = PBXBuildFile; fileRef = 04A551BD22A794EB007A17A3 /* 7_2_Account.storyboard */; };
		04A551C722A794EF007A17A3 /* 3_Wallet.storyboard in Resources */ = {isa = PBXBuildFile; fileRef = 04A551BE22A794EC007A17A3 /* 3_Wallet.storyboard */; };
		04A551C822A794EF007A17A3 /* 7_1_Planet.storyboard in Resources */ = {isa = PBXBuildFile; fileRef = 04A551BF22A794EC007A17A3 /* 7_1_Planet.storyboard */; };
		04A551C922A794EF007A17A3 /* LaunchScreen.storyboard in Resources */ = {isa = PBXBuildFile; fileRef = 04A551C022A794ED007A17A3 /* LaunchScreen.storyboard */; };
		04A551CA22A794EF007A17A3 /* 7_3_Security.storyboard in Resources */ = {isa = PBXBuildFile; fileRef = 04A551C122A794EE007A17A3 /* 7_3_Security.storyboard */; };
		04A551CB22A794EF007A17A3 /* 6_Transfer.storyboard in Resources */ = {isa = PBXBuildFile; fileRef = 04A551C222A794EE007A17A3 /* 6_Transfer.storyboard */; };
		04A551CD22A79E07007A17A3 /* RippleAnimationView.swift in Sources */ = {isa = PBXBuildFile; fileRef = 04A551CC22A79E06007A17A3 /* RippleAnimationView.swift */; };
		04A551CF22A7C459007A17A3 /* refreshLoading.json in Resources */ = {isa = PBXBuildFile; fileRef = 04A551CE22A7C459007A17A3 /* refreshLoading.json */; };
		04BA0B0A22B7623100A25A93 /* ContactCell.swift in Sources */ = {isa = PBXBuildFile; fileRef = 04BA0B0922B7623100A25A93 /* ContactCell.swift */; };
		04BA0B0C22B7625700A25A93 /* ContactCell.xib in Resources */ = {isa = PBXBuildFile; fileRef = 04BA0B0B22B7625700A25A93 /* ContactCell.xib */; };
		04BA0B0E22B76AA000A25A93 /* ContactAddrCell.xib in Resources */ = {isa = PBXBuildFile; fileRef = 04BA0B0D22B76AA000A25A93 /* ContactAddrCell.xib */; };
		04BA0B1022B76AB000A25A93 /* ContactAddrCell.swift in Sources */ = {isa = PBXBuildFile; fileRef = 04BA0B0F22B76AB000A25A93 /* ContactAddrCell.swift */; };
		04C82C7422840A7F00235883 /* PlanetCell.xib in Resources */ = {isa = PBXBuildFile; fileRef = 04C82C7322840A7F00235883 /* PlanetCell.xib */; };
		04C82C7622840A8F00235883 /* PlanetCell.swift in Sources */ = {isa = PBXBuildFile; fileRef = 04C82C7522840A8F00235883 /* PlanetCell.swift */; };
		04C82C7E228429C000235883 /* PWTextField.swift in Sources */ = {isa = PBXBuildFile; fileRef = 04C82C77228429BF00235883 /* PWTextField.swift */; };
		04C82C7F228429C000235883 /* PWButton.swift in Sources */ = {isa = PBXBuildFile; fileRef = 04C82C78228429BF00235883 /* PWButton.swift */; };
		04C82C80228429C000235883 /* PWView.swift in Sources */ = {isa = PBXBuildFile; fileRef = 04C82C79228429BF00235883 /* PWView.swift */; };
		04C82C81228429C000235883 /* PWTextView.swift in Sources */ = {isa = PBXBuildFile; fileRef = 04C82C7A228429BF00235883 /* PWTextView.swift */; };
		04C82C82228429C000235883 /* PWImageView.swift in Sources */ = {isa = PBXBuildFile; fileRef = 04C82C7B228429C000235883 /* PWImageView.swift */; };
		04C82C83228429C000235883 /* PWLabel.swift in Sources */ = {isa = PBXBuildFile; fileRef = 04C82C7C228429C000235883 /* PWLabel.swift */; };
		04C82C84228429C000235883 /* Themable.swift in Sources */ = {isa = PBXBuildFile; fileRef = 04C82C7D228429C000235883 /* Themable.swift */; };
		04C82C892288FAE400235883 /* WorkSans-Bold.otf in Resources */ = {isa = PBXBuildFile; fileRef = 04C82C852288FAE400235883 /* WorkSans-Bold.otf */; };
		04C82C8A2288FAE400235883 /* WorkSans-Regular.otf in Resources */ = {isa = PBXBuildFile; fileRef = 04C82C862288FAE400235883 /* WorkSans-Regular.otf */; };
		04C82C8B2288FAE400235883 /* WorkSans-SemiBold.otf in Resources */ = {isa = PBXBuildFile; fileRef = 04C82C872288FAE400235883 /* WorkSans-SemiBold.otf */; };
		04C82C8C2288FAE400235883 /* WorkSans-Medium.otf in Resources */ = {isa = PBXBuildFile; fileRef = 04C82C882288FAE400235883 /* WorkSans-Medium.otf */; };
		04C82C9422890D4700235883 /* BoardController.swift in Sources */ = {isa = PBXBuildFile; fileRef = 04C82C9322890D4700235883 /* BoardController.swift */; };
		04C82C9622890D6400235883 /* DetailBoardController.swift in Sources */ = {isa = PBXBuildFile; fileRef = 04C82C9522890D6400235883 /* DetailBoardController.swift */; };
		04C82C9C22890D9500235883 /* SecurityController.swift in Sources */ = {isa = PBXBuildFile; fileRef = 04C82C9B22890D9500235883 /* SecurityController.swift */; };
		04C82C9E22890DA800235883 /* RenamePlanetController.swift in Sources */ = {isa = PBXBuildFile; fileRef = 04C82C9D22890DA800235883 /* RenamePlanetController.swift */; };
		04C82CA822890DF500235883 /* MnemonicExportController.swift in Sources */ = {isa = PBXBuildFile; fileRef = 04C82CA722890DF500235883 /* MnemonicExportController.swift */; };
		04C82CAA22890E0400235883 /* PrivateKeyExportController.swift in Sources */ = {isa = PBXBuildFile; fileRef = 04C82CA922890E0400235883 /* PrivateKeyExportController.swift */; };
		04C82CB422890F6600235883 /* PlanetManagementController.swift in Sources */ = {isa = PBXBuildFile; fileRef = 04C82CB322890F6600235883 /* PlanetManagementController.swift */; };
		04C82CB822891FCC00235883 /* DetailPlanetController.swift in Sources */ = {isa = PBXBuildFile; fileRef = 04C82CB722891FCC00235883 /* DetailPlanetController.swift */; };
		04CC0843228CFB6A00A8272B /* TokenPageController.swift in Sources */ = {isa = PBXBuildFile; fileRef = 04CC0842228CFB6A00A8272B /* TokenPageController.swift */; };
		04CC0845228D390800A8272B /* WalletImportPageController.swift in Sources */ = {isa = PBXBuildFile; fileRef = 04CC0844228D390800A8272B /* WalletImportPageController.swift */; };
		04D359EE22A74FD700BA2182 /* ERCToken.swift in Sources */ = {isa = PBXBuildFile; fileRef = 04D359ED22A74FD700BA2182 /* ERCToken.swift */; };
		04D359F022A74FFC00BA2182 /* UniverseType.swift in Sources */ = {isa = PBXBuildFile; fileRef = 04D359EF22A74FFC00BA2182 /* UniverseType.swift */; };
		04D3A0CC22B0996500E54E96 /* BlinkingTextView.swift in Sources */ = {isa = PBXBuildFile; fileRef = 04D3A0CB22B0996500E54E96 /* BlinkingTextView.swift */; };
		04D3A0DC22B0D26200E54E96 /* FMDatabasePool.m in Sources */ = {isa = PBXBuildFile; fileRef = 04D3A0D022B0D26100E54E96 /* FMDatabasePool.m */; };
		04D3A0DD22B0D26200E54E96 /* FMDatabase.m in Sources */ = {isa = PBXBuildFile; fileRef = 04D3A0D122B0D26100E54E96 /* FMDatabase.m */; };
		04D3A0DE22B0D26200E54E96 /* FMDatabaseAdditions.m in Sources */ = {isa = PBXBuildFile; fileRef = 04D3A0D322B0D26100E54E96 /* FMDatabaseAdditions.m */; };
		04D3A0DF22B0D26200E54E96 /* FMResultSet.m in Sources */ = {isa = PBXBuildFile; fileRef = 04D3A0D622B0D26100E54E96 /* FMResultSet.m */; };
		04D3A0E022B0D26200E54E96 /* FMDatabaseQueue.m in Sources */ = {isa = PBXBuildFile; fileRef = 04D3A0DA22B0D26200E54E96 /* FMDatabaseQueue.m */; };
		04D3A0E222B0D3AE00E54E96 /* DBManager.swift in Sources */ = {isa = PBXBuildFile; fileRef = 04D3A0E122B0D3AE00E54E96 /* DBManager.swift */; };
		04D3A0E422B0F41D00E54E96 /* PlanetWalletDBManger.swift in Sources */ = {isa = PBXBuildFile; fileRef = 04D3A0E322B0F41D00E54E96 /* PlanetWalletDBManger.swift */; };
		04D9D34822B1E43C00B66E79 /* BTCTransactionViewModel.swift in Sources */ = {isa = PBXBuildFile; fileRef = 04D9D34722B1E43C00B66E79 /* BTCTransactionViewModel.swift */; };
		04D9D34B22B1E46D00B66E79 /* BTCTransaction.swift in Sources */ = {isa = PBXBuildFile; fileRef = 04D9D34A22B1E46D00B66E79 /* BTCTransaction.swift */; };
		04D9D34D22B1EF0100B66E79 /* Extension + Double.swift in Sources */ = {isa = PBXBuildFile; fileRef = 04D9D34C22B1EF0100B66E79 /* Extension + Double.swift */; };
		04DAC114228967D3005AA183 /* AbsSlideUpView.swift in Sources */ = {isa = PBXBuildFile; fileRef = 04DAC113228967D3005AA183 /* AbsSlideUpView.swift */; };
		04DAC1172289685E005AA183 /* PopupCurrency.swift in Sources */ = {isa = PBXBuildFile; fileRef = 04DAC1162289685E005AA183 /* PopupCurrency.swift */; };
		04DAC11922896876005AA183 /* PopupCurrency.xib in Resources */ = {isa = PBXBuildFile; fileRef = 04DAC11822896876005AA183 /* PopupCurrency.xib */; };
		04ED3315227C29B40092075E /* PlanetView.swift in Sources */ = {isa = PBXBuildFile; fileRef = 04ED3314227C29B40092075E /* PlanetView.swift */; };
		04ED3318227C356C0092075E /* GradientView.swift in Sources */ = {isa = PBXBuildFile; fileRef = 04ED3317227C356C0092075E /* GradientView.swift */; };
		04ED33212281506C0092075E /* TokenCell.xib in Resources */ = {isa = PBXBuildFile; fileRef = 04ED33202281506C0092075E /* TokenCell.xib */; };
		04ED3323228150800092075E /* TokenCell.swift in Sources */ = {isa = PBXBuildFile; fileRef = 04ED3322228150800092075E /* TokenCell.swift */; };
		04EFA27F228A6DBB0062CA0B /* NavigationBar.swift in Sources */ = {isa = PBXBuildFile; fileRef = 04EFA27E228A6DBB0062CA0B /* NavigationBar.swift */; };
		04FBCA3F229E26CF00DEEDD9 /* MainTableFooter.xib in Resources */ = {isa = PBXBuildFile; fileRef = 04FBCA3E229E26CF00DEEDD9 /* MainTableFooter.xib */; };
		04FBCA41229E26DE00DEEDD9 /* MainTableFooter.swift in Sources */ = {isa = PBXBuildFile; fileRef = 04FBCA40229E26DD00DEEDD9 /* MainTableFooter.swift */; };
		04FBCA43229E57D900DEEDD9 /* Extension + UIViewController.swift in Sources */ = {isa = PBXBuildFile; fileRef = 04FBCA42229E57D900DEEDD9 /* Extension + UIViewController.swift */; };
		04FBCA46229E5BA600DEEDD9 /* PopupUniverse.xib in Resources */ = {isa = PBXBuildFile; fileRef = 04FBCA45229E5BA600DEEDD9 /* PopupUniverse.xib */; };
		04FBCA48229E5BB200DEEDD9 /* PopupUniverse.swift in Sources */ = {isa = PBXBuildFile; fileRef = 04FBCA47229E5BB200DEEDD9 /* PopupUniverse.swift */; };
		04FBCA4B229E679400DEEDD9 /* Post.swift in Sources */ = {isa = PBXBuildFile; fileRef = 04FBCA4A229E679400DEEDD9 /* Post.swift */; };
		04FBCA4D229E67A200DEEDD9 /* Get.swift in Sources */ = {isa = PBXBuildFile; fileRef = 04FBCA4C229E67A200DEEDD9 /* Get.swift */; };
		04FBCA4F229E67ED00DEEDD9 /* NetworkDelegate.swift in Sources */ = {isa = PBXBuildFile; fileRef = 04FBCA4E229E67ED00DEEDD9 /* NetworkDelegate.swift */; };
		04FBCA51229E7FBA00DEEDD9 /* Patch.swift in Sources */ = {isa = PBXBuildFile; fileRef = 04FBCA50229E7FBA00DEEDD9 /* Patch.swift */; };
		04FBCA54229E801400DEEDD9 /* Put.swift in Sources */ = {isa = PBXBuildFile; fileRef = 04FBCA52229E801300DEEDD9 /* Put.swift */; };
		04FBCA55229E801400DEEDD9 /* Delete.swift in Sources */ = {isa = PBXBuildFile; fileRef = 04FBCA53229E801400DEEDD9 /* Delete.swift */; };
		04FBCA57229E908100DEEDD9 /* Route.swift in Sources */ = {isa = PBXBuildFile; fileRef = 04FBCA56229E908100DEEDD9 /* Route.swift */; };
		15A3404122A54AFC00532D0F /* IntensityBlurVIew.swift in Sources */ = {isa = PBXBuildFile; fileRef = 15A3404022A54AFC00532D0F /* IntensityBlurVIew.swift */; };
		9EEE88B7562EB89EC9FED59E /* Pods_PlanetWallet.framework in Frameworks */ = {isa = PBXBuildFile; fileRef = 635C41388B246F7EA5DB37A1 /* Pods_PlanetWallet.framework */; };
/* End PBXBuildFile section */

/* Begin PBXFileReference section */
		041113932292A63100E0222D /* splash.json */ = {isa = PBXFileReference; fileEncoding = 4; lastKnownFileType = text.json; path = splash.json; sourceTree = "<group>"; };
		04116B2C2293992E00CFD921 /* BTCTransactionCell.xib */ = {isa = PBXFileReference; lastKnownFileType = file.xib; path = BTCTransactionCell.xib; sourceTree = "<group>"; };
		04116B2E2293994E00CFD921 /* BTCTransactionCell.swift */ = {isa = PBXFileReference; lastKnownFileType = sourcecode.swift; path = BTCTransactionCell.swift; sourceTree = "<group>"; };
		04116B312293DAAD00CFD921 /* ETHCoinDataSource.swift */ = {isa = PBXFileReference; lastKnownFileType = sourcecode.swift; path = ETHCoinDataSource.swift; sourceTree = "<group>"; };
		04116B332293DB9500CFD921 /* BTCTransactionDataSource.swift */ = {isa = PBXFileReference; lastKnownFileType = sourcecode.swift; path = BTCTransactionDataSource.swift; sourceTree = "<group>"; };
		04200F6422A66DDE00FE2A31 /* PlanetNameController.swift */ = {isa = PBXFileReference; lastKnownFileType = sourcecode.swift; path = PlanetNameController.swift; sourceTree = "<group>"; };
		0429A6FE22929DC900E88ACF /* ETHCoinCell.xib */ = {isa = PBXFileReference; lastKnownFileType = file.xib; path = ETHCoinCell.xib; sourceTree = "<group>"; };
		0429A70022929DDE00E88ACF /* ETHCoinCell.swift */ = {isa = PBXFileReference; lastKnownFileType = sourcecode.swift; path = ETHCoinCell.swift; sourceTree = "<group>"; };
		042FF40D22B3342C00666DF9 /* Toast.swift */ = {isa = PBXFileReference; lastKnownFileType = sourcecode.swift; path = Toast.swift; sourceTree = "<group>"; };
		042FF41122B34CF300666DF9 /* Extension + UILabel.swift */ = {isa = PBXFileReference; lastKnownFileType = sourcecode.swift; path = "Extension + UILabel.swift"; sourceTree = "<group>"; };
		042FF41322B36BFE00666DF9 /* PWSlider.swift */ = {isa = PBXFileReference; lastKnownFileType = sourcecode.swift; path = PWSlider.swift; sourceTree = "<group>"; };
		042FF41522B3774300666DF9 /* QROverlay.swift */ = {isa = PBXFileReference; lastKnownFileType = sourcecode.swift; path = QROverlay.swift; sourceTree = "<group>"; };
		042FF41722B3822000666DF9 /* BottomMenuTokenView.xib */ = {isa = PBXFileReference; lastKnownFileType = file.xib; path = BottomMenuTokenView.xib; sourceTree = "<group>"; };
		042FF41922B3823000666DF9 /* BottomMenuTokenView.swift */ = {isa = PBXFileReference; lastKnownFileType = sourcecode.swift; path = BottomMenuTokenView.swift; sourceTree = "<group>"; };
		0444A95E228BF0AD00232748 /* NoticeCell.xib */ = {isa = PBXFileReference; lastKnownFileType = file.xib; path = NoticeCell.xib; sourceTree = "<group>"; };
		0444A960228C041600232748 /* NoticeCell.swift */ = {isa = PBXFileReference; lastKnownFileType = sourcecode.swift; path = NoticeCell.swift; sourceTree = "<group>"; };
		0444D09B22A512D5001E412C /* BottomMenuView.swift */ = {isa = PBXFileReference; fileEncoding = 4; lastKnownFileType = sourcecode.swift; path = BottomMenuView.swift; sourceTree = "<group>"; };
		0444D09C22A512D6001E412C /* BottomMenuView.xib */ = {isa = PBXFileReference; fileEncoding = 4; lastKnownFileType = file.xib; path = BottomMenuView.xib; sourceTree = "<group>"; };
		0444D09F22A51400001E412C /* PWBlurView.swift */ = {isa = PBXFileReference; fileEncoding = 4; lastKnownFileType = sourcecode.swift; path = PWBlurView.swift; sourceTree = "<group>"; };
		04491C1F22B8988C00A5DC14 /* TransferAmountController.swift */ = {isa = PBXFileReference; lastKnownFileType = sourcecode.swift; path = TransferAmountController.swift; sourceTree = "<group>"; };
		04491C2122B8D02500A5DC14 /* TransferConfirmController.swift */ = {isa = PBXFileReference; lastKnownFileType = sourcecode.swift; path = TransferConfirmController.swift; sourceTree = "<group>"; };
		044A43DC22A0BD3300274B04 /* splash_wh.json */ = {isa = PBXFileReference; fileEncoding = 4; lastKnownFileType = text.json; path = splash_wh.json; sourceTree = "<group>"; };
		044A43DE22A0C59D00274B04 /* MainNavigationController.swift */ = {isa = PBXFileReference; lastKnownFileType = sourcecode.swift; path = MainNavigationController.swift; sourceTree = "<group>"; };
		044A43E222A117C100274B04 /* TEstViewController.swift */ = {isa = PBXFileReference; lastKnownFileType = sourcecode.swift; path = TEstViewController.swift; sourceTree = "<group>"; };
		044BC54322793D3F00FD7E5E /* PlanetWallet.app */ = {isa = PBXFileReference; explicitFileType = wrapper.application; includeInIndex = 0; path = PlanetWallet.app; sourceTree = BUILT_PRODUCTS_DIR; };
		044BC54622793D3F00FD7E5E /* AppDelegate.swift */ = {isa = PBXFileReference; lastKnownFileType = sourcecode.swift; path = AppDelegate.swift; sourceTree = "<group>"; };
		044BC54822793D3F00FD7E5E /* SplashController.swift */ = {isa = PBXFileReference; lastKnownFileType = sourcecode.swift; path = SplashController.swift; sourceTree = "<group>"; };
		044BC54D22793D4000FD7E5E /* Assets.xcassets */ = {isa = PBXFileReference; lastKnownFileType = folder.assetcatalog; path = Assets.xcassets; sourceTree = "<group>"; };
		044BC55222793D4000FD7E5E /* Info.plist */ = {isa = PBXFileReference; lastKnownFileType = text.plist.xml; path = Info.plist; sourceTree = "<group>"; };
		044BC56722793F8800FD7E5E /* 4_Main.storyboard */ = {isa = PBXFileReference; lastKnownFileType = file.storyboard; path = 4_Main.storyboard; sourceTree = "<group>"; };
		044BC572227943CD00FD7E5E /* PinCodeRegistrationController.swift */ = {isa = PBXFileReference; lastKnownFileType = sourcecode.swift; name = PinCodeRegistrationController.swift; path = PlanetWallet/Views/PinCodeRegistrationController.swift; sourceTree = SOURCE_ROOT; };
		044BC574227943DF00FD7E5E /* PinCodeCertificationController.swift */ = {isa = PBXFileReference; lastKnownFileType = sourcecode.swift; path = PinCodeCertificationController.swift; sourceTree = "<group>"; };
		044BC576227943F400FD7E5E /* WalletAddController.swift */ = {isa = PBXFileReference; lastKnownFileType = sourcecode.swift; path = WalletAddController.swift; sourceTree = "<group>"; };
		044BC5782279440D00FD7E5E /* PlanetGenerateController.swift */ = {isa = PBXFileReference; lastKnownFileType = sourcecode.swift; path = PlanetGenerateController.swift; sourceTree = "<group>"; };
		044BC57A2279441F00FD7E5E /* WalletImportController.swift */ = {isa = PBXFileReference; lastKnownFileType = sourcecode.swift; path = WalletImportController.swift; sourceTree = "<group>"; };
		044BC57C2279443800FD7E5E /* MnemonicImportController.swift */ = {isa = PBXFileReference; lastKnownFileType = sourcecode.swift; path = MnemonicImportController.swift; sourceTree = "<group>"; };
		044BC57E2279444B00FD7E5E /* JSONImportController.swift */ = {isa = PBXFileReference; lastKnownFileType = sourcecode.swift; path = JSONImportController.swift; sourceTree = "<group>"; };
		044BC5802279445D00FD7E5E /* PrivateKeyImportController.swift */ = {isa = PBXFileReference; lastKnownFileType = sourcecode.swift; path = PrivateKeyImportController.swift; sourceTree = "<group>"; };
		044BC5822279446E00FD7E5E /* MainController.swift */ = {isa = PBXFileReference; lastKnownFileType = sourcecode.swift; path = MainController.swift; sourceTree = "<group>"; };
		044BC5842279447A00FD7E5E /* TokenAddController.swift */ = {isa = PBXFileReference; lastKnownFileType = sourcecode.swift; path = TokenAddController.swift; sourceTree = "<group>"; };
		044BC5862279448D00FD7E5E /* SettingController.swift */ = {isa = PBXFileReference; lastKnownFileType = sourcecode.swift; path = SettingController.swift; sourceTree = "<group>"; };
		044BC589227944A400FD7E5E /* TokenListController.swift */ = {isa = PBXFileReference; lastKnownFileType = sourcecode.swift; path = TokenListController.swift; sourceTree = "<group>"; };
		044BC58B227944B000FD7E5E /* CustomTokenController.swift */ = {isa = PBXFileReference; lastKnownFileType = sourcecode.swift; path = CustomTokenController.swift; sourceTree = "<group>"; };
		044BC58D22794C4400FD7E5E /* AppConstant.swift */ = {isa = PBXFileReference; lastKnownFileType = sourcecode.swift; path = AppConstant.swift; sourceTree = "<group>"; };
		044BC58F22794ED200FD7E5E /* Utils.swift */ = {isa = PBXFileReference; lastKnownFileType = sourcecode.swift; path = Utils.swift; sourceTree = "<group>"; };
		044BC59122794EFC00FD7E5E /* Extension + Color.swift */ = {isa = PBXFileReference; lastKnownFileType = sourcecode.swift; path = "Extension + Color.swift"; sourceTree = "<group>"; };
		044BC5932279704900FD7E5E /* Extension + UIView.swift */ = {isa = PBXFileReference; lastKnownFileType = sourcecode.swift; path = "Extension + UIView.swift"; sourceTree = "<group>"; };
		044BC5952279705C00FD7E5E /* Extension + String.swift */ = {isa = PBXFileReference; lastKnownFileType = sourcecode.swift; path = "Extension + String.swift"; sourceTree = "<group>"; };
		044BC5972279707800FD7E5E /* Extension + Array.swift */ = {isa = PBXFileReference; lastKnownFileType = sourcecode.swift; path = "Extension + Array.swift"; sourceTree = "<group>"; };
		044BC599227970A000FD7E5E /* Extension + Data.swift */ = {isa = PBXFileReference; lastKnownFileType = sourcecode.swift; path = "Extension + Data.swift"; sourceTree = "<group>"; };
		044BC59B2279A18B00FD7E5E /* TransferController.swift */ = {isa = PBXFileReference; lastKnownFileType = sourcecode.swift; path = TransferController.swift; sourceTree = "<group>"; };
		044BC59D2279A2E800FD7E5E /* PList.swift */ = {isa = PBXFileReference; lastKnownFileType = sourcecode.swift; path = PList.swift; sourceTree = "<group>"; };
		044BC5A3227A9FF600FD7E5E /* PlanetWalletViewController.swift */ = {isa = PBXFileReference; lastKnownFileType = sourcecode.swift; path = PlanetWalletViewController.swift; sourceTree = "<group>"; };
		044BC5B8227AE2C600FD7E5E /* PinView.swift */ = {isa = PBXFileReference; fileEncoding = 4; lastKnownFileType = sourcecode.swift; path = PinView.swift; sourceTree = "<group>"; };
		044BC5B9227AE2C600FD7E5E /* PinView.xib */ = {isa = PBXFileReference; fileEncoding = 4; lastKnownFileType = file.xib; path = PinView.xib; sourceTree = "<group>"; };
		044BC5C0227AF7BC00FD7E5E /* NumberPad.xib */ = {isa = PBXFileReference; lastKnownFileType = file.xib; path = NumberPad.xib; sourceTree = "<group>"; };
		044BC5C2227B000700FD7E5E /* NumberPad.swift */ = {isa = PBXFileReference; lastKnownFileType = sourcecode.swift; path = NumberPad.swift; sourceTree = "<group>"; };
		044BC5C4227BCDD500FD7E5E /* CharPad.xib */ = {isa = PBXFileReference; lastKnownFileType = file.xib; path = CharPad.xib; sourceTree = "<group>"; };
		044BC5C6227BCDE300FD7E5E /* CharPad.swift */ = {isa = PBXFileReference; lastKnownFileType = sourcecode.swift; path = CharPad.swift; sourceTree = "<group>"; };
		045049452294E7040046E343 /* LocalAuthentication.framework */ = {isa = PBXFileReference; lastKnownFileType = wrapper.framework; name = LocalAuthentication.framework; path = System/Library/Frameworks/LocalAuthentication.framework; sourceTree = SDKROOT; };
		04675F18229B90C200DC3CFD /* Extension + CALayer.swift */ = {isa = PBXFileReference; lastKnownFileType = sourcecode.swift; path = "Extension + CALayer.swift"; sourceTree = "<group>"; };
		04675F1E229BBD9F00DC3CFD /* BottomMenuLauncher.swift */ = {isa = PBXFileReference; lastKnownFileType = sourcecode.swift; path = BottomMenuLauncher.swift; sourceTree = "<group>"; };
		04675F23229BD38500DC3CFD /* refreshAnim1.json */ = {isa = PBXFileReference; fileEncoding = 4; lastKnownFileType = text.json; path = refreshAnim1.json; sourceTree = "<group>"; };
		04675F27229BD3A200DC3CFD /* refreshAnim2.json */ = {isa = PBXFileReference; fileEncoding = 4; lastKnownFileType = text.json; path = refreshAnim2.json; sourceTree = "<group>"; };
		04675F28229BD3A200DC3CFD /* refreshAnim3.json */ = {isa = PBXFileReference; fileEncoding = 4; lastKnownFileType = text.json; path = refreshAnim3.json; sourceTree = "<group>"; };
		0468C5F622966D52008307D8 /* TopMenuLauncher.swift */ = {isa = PBXFileReference; lastKnownFileType = sourcecode.swift; path = TopMenuLauncher.swift; sourceTree = "<group>"; };
		0468C5F822966D7E008307D8 /* TopMenuView.xib */ = {isa = PBXFileReference; lastKnownFileType = file.xib; path = TopMenuView.xib; sourceTree = "<group>"; };
		0468C5FA22966D8A008307D8 /* TopMenuView.swift */ = {isa = PBXFileReference; lastKnownFileType = sourcecode.swift; path = TopMenuView.swift; sourceTree = "<group>"; };
		0468C5FC22966E15008307D8 /* TopMenuCell.xib */ = {isa = PBXFileReference; lastKnownFileType = file.xib; path = TopMenuCell.xib; sourceTree = "<group>"; };
		0468C5FE22966E23008307D8 /* TopMenuCell.swift */ = {isa = PBXFileReference; lastKnownFileType = sourcecode.swift; path = TopMenuCell.swift; sourceTree = "<group>"; };
		0472831222B878F7002EF9E5 /* QRCaptureController.swift */ = {isa = PBXFileReference; lastKnownFileType = sourcecode.swift; path = QRCaptureController.swift; sourceTree = "<group>"; };
		04738B4D22818BD100758E56 /* Extension + UIButton.swift */ = {isa = PBXFileReference; lastKnownFileType = sourcecode.swift; path = "Extension + UIButton.swift"; sourceTree = "<group>"; };
		04738B4F2282749C00758E56 /* ColorTheme.swift */ = {isa = PBXFileReference; lastKnownFileType = sourcecode.swift; path = ColorTheme.swift; sourceTree = "<group>"; };
		04772E3E228AA91900049F89 /* PWSwitch.swift */ = {isa = PBXFileReference; fileEncoding = 4; lastKnownFileType = sourcecode.swift; path = PWSwitch.swift; sourceTree = "<group>"; };
		04772E40228AB5F000049F89 /* CountryCodeCell.swift */ = {isa = PBXFileReference; lastKnownFileType = sourcecode.swift; path = CountryCodeCell.swift; sourceTree = "<group>"; };
		04772E42228AB65B00049F89 /* CountryCodeCell.xib */ = {isa = PBXFileReference; lastKnownFileType = file.xib; path = CountryCodeCell.xib; sourceTree = "<group>"; };
		047A2CA022AF7D130053D153 /* Crypto.swift */ = {isa = PBXFileReference; lastKnownFileType = sourcecode.swift; path = Crypto.swift; sourceTree = "<group>"; };
		04A551B822A7948A007A17A3 /* 7_Settings.storyboard */ = {isa = PBXFileReference; fileEncoding = 4; lastKnownFileType = file.storyboard; path = 7_Settings.storyboard; sourceTree = "<group>"; };
		04A551BA22A794E9007A17A3 /* 2_PinCode.storyboard */ = {isa = PBXFileReference; fileEncoding = 4; lastKnownFileType = file.storyboard; path = 2_PinCode.storyboard; sourceTree = "<group>"; };
		04A551BB22A794E9007A17A3 /* 5_Token.storyboard */ = {isa = PBXFileReference; fileEncoding = 4; lastKnownFileType = file.storyboard; path = 5_Token.storyboard; sourceTree = "<group>"; };
		04A551BC22A794EA007A17A3 /* 1_Splash.storyboard */ = {isa = PBXFileReference; fileEncoding = 4; lastKnownFileType = file.storyboard; path = 1_Splash.storyboard; sourceTree = "<group>"; };
		04A551BD22A794EB007A17A3 /* 7_2_Account.storyboard */ = {isa = PBXFileReference; fileEncoding = 4; lastKnownFileType = file.storyboard; path = 7_2_Account.storyboard; sourceTree = "<group>"; };
		04A551BE22A794EC007A17A3 /* 3_Wallet.storyboard */ = {isa = PBXFileReference; fileEncoding = 4; lastKnownFileType = file.storyboard; path = 3_Wallet.storyboard; sourceTree = "<group>"; };
		04A551BF22A794EC007A17A3 /* 7_1_Planet.storyboard */ = {isa = PBXFileReference; fileEncoding = 4; lastKnownFileType = file.storyboard; path = 7_1_Planet.storyboard; sourceTree = "<group>"; };
		04A551C022A794ED007A17A3 /* LaunchScreen.storyboard */ = {isa = PBXFileReference; fileEncoding = 4; lastKnownFileType = file.storyboard; path = LaunchScreen.storyboard; sourceTree = "<group>"; };
		04A551C122A794EE007A17A3 /* 7_3_Security.storyboard */ = {isa = PBXFileReference; fileEncoding = 4; lastKnownFileType = file.storyboard; path = 7_3_Security.storyboard; sourceTree = "<group>"; };
		04A551C222A794EE007A17A3 /* 6_Transfer.storyboard */ = {isa = PBXFileReference; fileEncoding = 4; lastKnownFileType = file.storyboard; path = 6_Transfer.storyboard; sourceTree = "<group>"; };
		04A551CC22A79E06007A17A3 /* RippleAnimationView.swift */ = {isa = PBXFileReference; lastKnownFileType = sourcecode.swift; path = RippleAnimationView.swift; sourceTree = "<group>"; };
		04A551CE22A7C459007A17A3 /* refreshLoading.json */ = {isa = PBXFileReference; fileEncoding = 4; lastKnownFileType = text.json; path = refreshLoading.json; sourceTree = "<group>"; };
		04BA0B0922B7623100A25A93 /* ContactCell.swift */ = {isa = PBXFileReference; lastKnownFileType = sourcecode.swift; path = ContactCell.swift; sourceTree = "<group>"; };
		04BA0B0B22B7625700A25A93 /* ContactCell.xib */ = {isa = PBXFileReference; lastKnownFileType = file.xib; path = ContactCell.xib; sourceTree = "<group>"; };
		04BA0B0D22B76AA000A25A93 /* ContactAddrCell.xib */ = {isa = PBXFileReference; lastKnownFileType = file.xib; path = ContactAddrCell.xib; sourceTree = "<group>"; };
		04BA0B0F22B76AB000A25A93 /* ContactAddrCell.swift */ = {isa = PBXFileReference; lastKnownFileType = sourcecode.swift; path = ContactAddrCell.swift; sourceTree = "<group>"; };
		04C82C7322840A7F00235883 /* PlanetCell.xib */ = {isa = PBXFileReference; lastKnownFileType = file.xib; path = PlanetCell.xib; sourceTree = "<group>"; };
		04C82C7522840A8F00235883 /* PlanetCell.swift */ = {isa = PBXFileReference; lastKnownFileType = sourcecode.swift; path = PlanetCell.swift; sourceTree = "<group>"; };
		04C82C77228429BF00235883 /* PWTextField.swift */ = {isa = PBXFileReference; fileEncoding = 4; lastKnownFileType = sourcecode.swift; path = PWTextField.swift; sourceTree = "<group>"; };
		04C82C78228429BF00235883 /* PWButton.swift */ = {isa = PBXFileReference; fileEncoding = 4; lastKnownFileType = sourcecode.swift; path = PWButton.swift; sourceTree = "<group>"; };
		04C82C79228429BF00235883 /* PWView.swift */ = {isa = PBXFileReference; fileEncoding = 4; lastKnownFileType = sourcecode.swift; path = PWView.swift; sourceTree = "<group>"; };
		04C82C7A228429BF00235883 /* PWTextView.swift */ = {isa = PBXFileReference; fileEncoding = 4; lastKnownFileType = sourcecode.swift; path = PWTextView.swift; sourceTree = "<group>"; };
		04C82C7B228429C000235883 /* PWImageView.swift */ = {isa = PBXFileReference; fileEncoding = 4; lastKnownFileType = sourcecode.swift; path = PWImageView.swift; sourceTree = "<group>"; };
		04C82C7C228429C000235883 /* PWLabel.swift */ = {isa = PBXFileReference; fileEncoding = 4; lastKnownFileType = sourcecode.swift; path = PWLabel.swift; sourceTree = "<group>"; };
		04C82C7D228429C000235883 /* Themable.swift */ = {isa = PBXFileReference; fileEncoding = 4; lastKnownFileType = sourcecode.swift; path = Themable.swift; sourceTree = "<group>"; };
		04C82C852288FAE400235883 /* WorkSans-Bold.otf */ = {isa = PBXFileReference; lastKnownFileType = file; path = "WorkSans-Bold.otf"; sourceTree = "<group>"; };
		04C82C862288FAE400235883 /* WorkSans-Regular.otf */ = {isa = PBXFileReference; lastKnownFileType = file; path = "WorkSans-Regular.otf"; sourceTree = "<group>"; };
		04C82C872288FAE400235883 /* WorkSans-SemiBold.otf */ = {isa = PBXFileReference; lastKnownFileType = file; path = "WorkSans-SemiBold.otf"; sourceTree = "<group>"; };
		04C82C882288FAE400235883 /* WorkSans-Medium.otf */ = {isa = PBXFileReference; lastKnownFileType = file; path = "WorkSans-Medium.otf"; sourceTree = "<group>"; };
		04C82C9322890D4700235883 /* BoardController.swift */ = {isa = PBXFileReference; lastKnownFileType = sourcecode.swift; path = BoardController.swift; sourceTree = "<group>"; };
		04C82C9522890D6400235883 /* DetailBoardController.swift */ = {isa = PBXFileReference; lastKnownFileType = sourcecode.swift; path = DetailBoardController.swift; sourceTree = "<group>"; };
		04C82C9B22890D9500235883 /* SecurityController.swift */ = {isa = PBXFileReference; lastKnownFileType = sourcecode.swift; path = SecurityController.swift; sourceTree = "<group>"; };
		04C82C9D22890DA800235883 /* RenamePlanetController.swift */ = {isa = PBXFileReference; lastKnownFileType = sourcecode.swift; path = RenamePlanetController.swift; sourceTree = "<group>"; };
		04C82CA722890DF500235883 /* MnemonicExportController.swift */ = {isa = PBXFileReference; lastKnownFileType = sourcecode.swift; path = MnemonicExportController.swift; sourceTree = "<group>"; };
		04C82CA922890E0400235883 /* PrivateKeyExportController.swift */ = {isa = PBXFileReference; lastKnownFileType = sourcecode.swift; path = PrivateKeyExportController.swift; sourceTree = "<group>"; };
		04C82CB322890F6600235883 /* PlanetManagementController.swift */ = {isa = PBXFileReference; lastKnownFileType = sourcecode.swift; path = PlanetManagementController.swift; sourceTree = "<group>"; };
		04C82CB722891FCC00235883 /* DetailPlanetController.swift */ = {isa = PBXFileReference; lastKnownFileType = sourcecode.swift; path = DetailPlanetController.swift; sourceTree = "<group>"; };
		04CC0842228CFB6A00A8272B /* TokenPageController.swift */ = {isa = PBXFileReference; lastKnownFileType = sourcecode.swift; path = TokenPageController.swift; sourceTree = "<group>"; };
		04CC0844228D390800A8272B /* WalletImportPageController.swift */ = {isa = PBXFileReference; lastKnownFileType = sourcecode.swift; path = WalletImportPageController.swift; sourceTree = "<group>"; };
		04D359ED22A74FD700BA2182 /* ERCToken.swift */ = {isa = PBXFileReference; lastKnownFileType = sourcecode.swift; path = ERCToken.swift; sourceTree = "<group>"; };
		04D359EF22A74FFC00BA2182 /* UniverseType.swift */ = {isa = PBXFileReference; lastKnownFileType = sourcecode.swift; path = UniverseType.swift; sourceTree = "<group>"; };
		04D3A0CB22B0996500E54E96 /* BlinkingTextView.swift */ = {isa = PBXFileReference; lastKnownFileType = sourcecode.swift; path = BlinkingTextView.swift; sourceTree = "<group>"; };
		04D3A0CE22B0D26000E54E96 /* PlanetWallet-Bridging-Header.h */ = {isa = PBXFileReference; lastKnownFileType = sourcecode.c.h; path = "PlanetWallet-Bridging-Header.h"; sourceTree = "<group>"; };
		04D3A0D022B0D26100E54E96 /* FMDatabasePool.m */ = {isa = PBXFileReference; fileEncoding = 4; lastKnownFileType = sourcecode.c.objc; path = FMDatabasePool.m; sourceTree = "<group>"; };
		04D3A0D122B0D26100E54E96 /* FMDatabase.m */ = {isa = PBXFileReference; fileEncoding = 4; lastKnownFileType = sourcecode.c.objc; path = FMDatabase.m; sourceTree = "<group>"; };
		04D3A0D222B0D26100E54E96 /* FMResultSet.h */ = {isa = PBXFileReference; fileEncoding = 4; lastKnownFileType = sourcecode.c.h; path = FMResultSet.h; sourceTree = "<group>"; };
		04D3A0D322B0D26100E54E96 /* FMDatabaseAdditions.m */ = {isa = PBXFileReference; fileEncoding = 4; lastKnownFileType = sourcecode.c.objc; path = FMDatabaseAdditions.m; sourceTree = "<group>"; };
		04D3A0D422B0D26100E54E96 /* FMDB.h */ = {isa = PBXFileReference; fileEncoding = 4; lastKnownFileType = sourcecode.c.h; path = FMDB.h; sourceTree = "<group>"; };
		04D3A0D522B0D26100E54E96 /* FMDatabaseQueue.h */ = {isa = PBXFileReference; fileEncoding = 4; lastKnownFileType = sourcecode.c.h; path = FMDatabaseQueue.h; sourceTree = "<group>"; };
		04D3A0D622B0D26100E54E96 /* FMResultSet.m */ = {isa = PBXFileReference; fileEncoding = 4; lastKnownFileType = sourcecode.c.objc; path = FMResultSet.m; sourceTree = "<group>"; };
		04D3A0D722B0D26100E54E96 /* FMDatabasePool.h */ = {isa = PBXFileReference; fileEncoding = 4; lastKnownFileType = sourcecode.c.h; path = FMDatabasePool.h; sourceTree = "<group>"; };
		04D3A0D822B0D26100E54E96 /* FMDatabaseAdditions.h */ = {isa = PBXFileReference; fileEncoding = 4; lastKnownFileType = sourcecode.c.h; path = FMDatabaseAdditions.h; sourceTree = "<group>"; };
		04D3A0D922B0D26100E54E96 /* FMDatabase.h */ = {isa = PBXFileReference; fileEncoding = 4; lastKnownFileType = sourcecode.c.h; path = FMDatabase.h; sourceTree = "<group>"; };
		04D3A0DA22B0D26200E54E96 /* FMDatabaseQueue.m */ = {isa = PBXFileReference; fileEncoding = 4; lastKnownFileType = sourcecode.c.objc; path = FMDatabaseQueue.m; sourceTree = "<group>"; };
		04D3A0E122B0D3AE00E54E96 /* DBManager.swift */ = {isa = PBXFileReference; lastKnownFileType = sourcecode.swift; path = DBManager.swift; sourceTree = "<group>"; };
		04D3A0E322B0F41D00E54E96 /* PlanetWalletDBManger.swift */ = {isa = PBXFileReference; lastKnownFileType = sourcecode.swift; path = PlanetWalletDBManger.swift; sourceTree = "<group>"; };
		04D9D34722B1E43C00B66E79 /* BTCTransactionViewModel.swift */ = {isa = PBXFileReference; lastKnownFileType = sourcecode.swift; path = BTCTransactionViewModel.swift; sourceTree = "<group>"; };
		04D9D34A22B1E46D00B66E79 /* BTCTransaction.swift */ = {isa = PBXFileReference; lastKnownFileType = sourcecode.swift; path = BTCTransaction.swift; sourceTree = "<group>"; };
		04D9D34C22B1EF0100B66E79 /* Extension + Double.swift */ = {isa = PBXFileReference; lastKnownFileType = sourcecode.swift; path = "Extension + Double.swift"; sourceTree = "<group>"; };
		04DAC113228967D3005AA183 /* AbsSlideUpView.swift */ = {isa = PBXFileReference; fileEncoding = 4; lastKnownFileType = sourcecode.swift; path = AbsSlideUpView.swift; sourceTree = "<group>"; };
		04DAC1162289685E005AA183 /* PopupCurrency.swift */ = {isa = PBXFileReference; lastKnownFileType = sourcecode.swift; path = PopupCurrency.swift; sourceTree = "<group>"; };
		04DAC11822896876005AA183 /* PopupCurrency.xib */ = {isa = PBXFileReference; lastKnownFileType = file.xib; path = PopupCurrency.xib; sourceTree = "<group>"; };
		04ED3314227C29B40092075E /* PlanetView.swift */ = {isa = PBXFileReference; fileEncoding = 4; lastKnownFileType = sourcecode.swift; path = PlanetView.swift; sourceTree = "<group>"; };
		04ED3317227C356C0092075E /* GradientView.swift */ = {isa = PBXFileReference; lastKnownFileType = sourcecode.swift; path = GradientView.swift; sourceTree = "<group>"; };
		04ED33202281506C0092075E /* TokenCell.xib */ = {isa = PBXFileReference; lastKnownFileType = file.xib; path = TokenCell.xib; sourceTree = "<group>"; };
		04ED3322228150800092075E /* TokenCell.swift */ = {isa = PBXFileReference; lastKnownFileType = sourcecode.swift; path = TokenCell.swift; sourceTree = "<group>"; };
		04EFA27E228A6DBB0062CA0B /* NavigationBar.swift */ = {isa = PBXFileReference; fileEncoding = 4; lastKnownFileType = sourcecode.swift; path = NavigationBar.swift; sourceTree = "<group>"; };
		04FBCA3E229E26CF00DEEDD9 /* MainTableFooter.xib */ = {isa = PBXFileReference; lastKnownFileType = file.xib; path = MainTableFooter.xib; sourceTree = "<group>"; };
		04FBCA40229E26DD00DEEDD9 /* MainTableFooter.swift */ = {isa = PBXFileReference; lastKnownFileType = sourcecode.swift; path = MainTableFooter.swift; sourceTree = "<group>"; };
		04FBCA42229E57D900DEEDD9 /* Extension + UIViewController.swift */ = {isa = PBXFileReference; lastKnownFileType = sourcecode.swift; path = "Extension + UIViewController.swift"; sourceTree = "<group>"; };
		04FBCA45229E5BA600DEEDD9 /* PopupUniverse.xib */ = {isa = PBXFileReference; lastKnownFileType = file.xib; path = PopupUniverse.xib; sourceTree = "<group>"; };
		04FBCA47229E5BB200DEEDD9 /* PopupUniverse.swift */ = {isa = PBXFileReference; lastKnownFileType = sourcecode.swift; path = PopupUniverse.swift; sourceTree = "<group>"; };
		04FBCA4A229E679400DEEDD9 /* Post.swift */ = {isa = PBXFileReference; lastKnownFileType = sourcecode.swift; path = Post.swift; sourceTree = "<group>"; };
		04FBCA4C229E67A200DEEDD9 /* Get.swift */ = {isa = PBXFileReference; lastKnownFileType = sourcecode.swift; path = Get.swift; sourceTree = "<group>"; };
		04FBCA4E229E67ED00DEEDD9 /* NetworkDelegate.swift */ = {isa = PBXFileReference; lastKnownFileType = sourcecode.swift; path = NetworkDelegate.swift; sourceTree = "<group>"; };
		04FBCA50229E7FBA00DEEDD9 /* Patch.swift */ = {isa = PBXFileReference; lastKnownFileType = sourcecode.swift; path = Patch.swift; sourceTree = "<group>"; };
		04FBCA52229E801300DEEDD9 /* Put.swift */ = {isa = PBXFileReference; fileEncoding = 4; lastKnownFileType = sourcecode.swift; path = Put.swift; sourceTree = "<group>"; };
		04FBCA53229E801400DEEDD9 /* Delete.swift */ = {isa = PBXFileReference; fileEncoding = 4; lastKnownFileType = sourcecode.swift; path = Delete.swift; sourceTree = "<group>"; };
		04FBCA56229E908100DEEDD9 /* Route.swift */ = {isa = PBXFileReference; lastKnownFileType = sourcecode.swift; path = Route.swift; sourceTree = "<group>"; };
		15A3404022A54AFC00532D0F /* IntensityBlurVIew.swift */ = {isa = PBXFileReference; lastKnownFileType = sourcecode.swift; path = IntensityBlurVIew.swift; sourceTree = "<group>"; };
		4B5750B74DC0323179F83A93 /* Pods-PlanetWallet.release.xcconfig */ = {isa = PBXFileReference; includeInIndex = 1; lastKnownFileType = text.xcconfig; name = "Pods-PlanetWallet.release.xcconfig"; path = "Target Support Files/Pods-PlanetWallet/Pods-PlanetWallet.release.xcconfig"; sourceTree = "<group>"; };
		635C41388B246F7EA5DB37A1 /* Pods_PlanetWallet.framework */ = {isa = PBXFileReference; explicitFileType = wrapper.framework; includeInIndex = 0; path = Pods_PlanetWallet.framework; sourceTree = BUILT_PRODUCTS_DIR; };
		92D7FED223D66DB8595508E7 /* Pods-PlanetWallet.debug.xcconfig */ = {isa = PBXFileReference; includeInIndex = 1; lastKnownFileType = text.xcconfig; name = "Pods-PlanetWallet.debug.xcconfig"; path = "Target Support Files/Pods-PlanetWallet/Pods-PlanetWallet.debug.xcconfig"; sourceTree = "<group>"; };
/* End PBXFileReference section */

/* Begin PBXFrameworksBuildPhase section */
		044BC54022793D3F00FD7E5E /* Frameworks */ = {
			isa = PBXFrameworksBuildPhase;
			buildActionMask = 2147483647;
			files = (
				045049462294E7040046E343 /* LocalAuthentication.framework in Frameworks */,
				9EEE88B7562EB89EC9FED59E /* Pods_PlanetWallet.framework in Frameworks */,
			);
			runOnlyForDeploymentPostprocessing = 0;
		};
/* End PBXFrameworksBuildPhase section */

/* Begin PBXGroup section */
		040E5FCF228E87F000F568D0 /* PW */ = {
			isa = PBXGroup;
			children = (
				0444D09F22A51400001E412C /* PWBlurView.swift */,
				04772E3E228AA91900049F89 /* PWSwitch.swift */,
				04C82C78228429BF00235883 /* PWButton.swift */,
				04C82C7B228429C000235883 /* PWImageView.swift */,
				04C82C7C228429C000235883 /* PWLabel.swift */,
				04C82C77228429BF00235883 /* PWTextField.swift */,
				04C82C7A228429BF00235883 /* PWTextView.swift */,
				04C82C79228429BF00235883 /* PWView.swift */,
				04C82C7D228429C000235883 /* Themable.swift */,
				042FF41322B36BFE00666DF9 /* PWSlider.swift */,
			);
			path = PW;
			sourceTree = "<group>";
		};
		04116B302293DA8600CFD921 /* Models */ = {
			isa = PBXGroup;
			children = (
				04D359ED22A74FD700BA2182 /* ERCToken.swift */,
				04D359EF22A74FFC00BA2182 /* UniverseType.swift */,
				04D9D34A22B1E46D00B66E79 /* BTCTransaction.swift */,
			);
			path = Models;
			sourceTree = "<group>";
		};
		04180DE022AE00B800AB3246 /* DataSources */ = {
			isa = PBXGroup;
			children = (
				04116B312293DAAD00CFD921 /* ETHCoinDataSource.swift */,
				04116B332293DB9500CFD921 /* BTCTransactionDataSource.swift */,
			);
			path = DataSources;
			sourceTree = "<group>";
		};
		0429A6F7229248DD00E88ACF /* Cells */ = {
			isa = PBXGroup;
			children = (
				04A551CC22A79E06007A17A3 /* RippleAnimationView.swift */,
				0429A6FE22929DC900E88ACF /* ETHCoinCell.xib */,
				0429A70022929DDE00E88ACF /* ETHCoinCell.swift */,
				04116B2C2293992E00CFD921 /* BTCTransactionCell.xib */,
				04116B2E2293994E00CFD921 /* BTCTransactionCell.swift */,
				0468C5FC22966E15008307D8 /* TopMenuCell.xib */,
				0468C5FE22966E23008307D8 /* TopMenuCell.swift */,
				04FBCA3E229E26CF00DEEDD9 /* MainTableFooter.xib */,
				04FBCA40229E26DD00DEEDD9 /* MainTableFooter.swift */,
			);
			path = Cells;
			sourceTree = "<group>";
		};
		042FF40F22B34CC100666DF9 /* Extension + UIKit */ = {
			isa = PBXGroup;
			children = (
				044BC59122794EFC00FD7E5E /* Extension + Color.swift */,
				044BC5932279704900FD7E5E /* Extension + UIView.swift */,
				04738B4D22818BD100758E56 /* Extension + UIButton.swift */,
				04675F18229B90C200DC3CFD /* Extension + CALayer.swift */,
				04FBCA42229E57D900DEEDD9 /* Extension + UIViewController.swift */,
				042FF41122B34CF300666DF9 /* Extension + UILabel.swift */,
			);
			path = "Extension + UIKit";
			sourceTree = "<group>";
		};
		042FF41022B34CDC00666DF9 /* Extension + Foundation */ = {
			isa = PBXGroup;
			children = (
				044BC5952279705C00FD7E5E /* Extension + String.swift */,
				044BC5972279707800FD7E5E /* Extension + Array.swift */,
				044BC599227970A000FD7E5E /* Extension + Data.swift */,
				04D9D34C22B1EF0100B66E79 /* Extension + Double.swift */,
			);
			path = "Extension + Foundation";
			sourceTree = "<group>";
		};
		044BC53A22793D3F00FD7E5E = {
			isa = PBXGroup;
			children = (
				044BC54522793D3F00FD7E5E /* PlanetWallet */,
				044BC54422793D3F00FD7E5E /* Products */,
				A0315CB8F9480C007E773A4C /* Pods */,
				F538829195BCEB2F0014B4EC /* Frameworks */,
			);
			sourceTree = "<group>";
		};
		044BC54422793D3F00FD7E5E /* Products */ = {
			isa = PBXGroup;
			children = (
				044BC54322793D3F00FD7E5E /* PlanetWallet.app */,
			);
			name = Products;
			sourceTree = "<group>";
		};
		044BC54522793D3F00FD7E5E /* PlanetWallet */ = {
			isa = PBXGroup;
			children = (
				044BC55D22793DA600FD7E5E /* Views */,
				044BC55A22793D9100FD7E5E /* Resources */,
				044BC55B22793D9900FD7E5E /* Supporting Files */,
				044BC55C22793DA000FD7E5E /* Utils */,
				044BC55922793D8800FD7E5E /* MiniFrameWork */,
				044BC55E22793DAC00FD7E5E /* Widgets */,
				044BC55822793D8100FD7E5E /* Common */,
				044A43E222A117C100274B04 /* TEstViewController.swift */,
			);
			path = PlanetWallet;
			sourceTree = "<group>";
		};
		044BC55822793D8100FD7E5E /* Common */ = {
			isa = PBXGroup;
			children = (
				04D3A0CD22B0D24E00E54E96 /* FMDB */,
				044BC5A2227A9FE700FD7E5E /* components */,
				044BC5A1227A9FD100FD7E5E /* commonset */,
			);
			path = Common;
			sourceTree = "<group>";
		};
		044BC55922793D8800FD7E5E /* MiniFrameWork */ = {
			isa = PBXGroup;
			children = (
				04FBCA49229E678000DEEDD9 /* networktask */,
			);
			path = MiniFrameWork;
			sourceTree = "<group>";
		};
		044BC55A22793D9100FD7E5E /* Resources */ = {
			isa = PBXGroup;
			children = (
				04A551C022A794ED007A17A3 /* LaunchScreen.storyboard */,
				04A551BC22A794EA007A17A3 /* 1_Splash.storyboard */,
				04A551BA22A794E9007A17A3 /* 2_PinCode.storyboard */,
				04A551BE22A794EC007A17A3 /* 3_Wallet.storyboard */,
				044BC56722793F8800FD7E5E /* 4_Main.storyboard */,
				04A551BB22A794E9007A17A3 /* 5_Token.storyboard */,
				04A551C222A794EE007A17A3 /* 6_Transfer.storyboard */,
				04A551B822A7948A007A17A3 /* 7_Settings.storyboard */,
				04A551BF22A794EC007A17A3 /* 7_1_Planet.storyboard */,
				04A551BD22A794EB007A17A3 /* 7_2_Account.storyboard */,
				04A551C122A794EE007A17A3 /* 7_3_Security.storyboard */,
				04675F2B229BD3D100DC3CFD /* Animations */,
				044BC5AF227AD38800FD7E5E /* Fonts */,
				044BC54D22793D4000FD7E5E /* Assets.xcassets */,
				044BC55222793D4000FD7E5E /* Info.plist */,
			);
			path = Resources;
			sourceTree = "<group>";
		};
		044BC55B22793D9900FD7E5E /* Supporting Files */ = {
			isa = PBXGroup;
			children = (
				042FF41022B34CDC00666DF9 /* Extension + Foundation */,
				042FF40F22B34CC100666DF9 /* Extension + UIKit */,
				04738B4F2282749C00758E56 /* ColorTheme.swift */,
				044BC54622793D3F00FD7E5E /* AppDelegate.swift */,
			);
			path = "Supporting Files";
			sourceTree = "<group>";
		};
		044BC55C22793DA000FD7E5E /* Utils */ = {
			isa = PBXGroup;
			children = (
				044BC58F22794ED200FD7E5E /* Utils.swift */,
				044BC59D2279A2E800FD7E5E /* PList.swift */,
				04FBCA56229E908100DEEDD9 /* Route.swift */,
				047A2CA022AF7D130053D153 /* Crypto.swift */,
			);
			path = Utils;
			sourceTree = "<group>";
		};
		044BC55D22793DA600FD7E5E /* Views */ = {
			isa = PBXGroup;
			children = (
				044BC55F22793DF700FD7E5E /* 1_Splash */,
				044BC56022793E0200FD7E5E /* 2_PinCode */,
				044BC56222793E3400FD7E5E /* 3_Wallet */,
				044BC56122793E0900FD7E5E /* 4_Main */,
				044BC56322793E3A00FD7E5E /* 5_Token */,
				044BC56422793E4C00FD7E5E /* 6_Transfer */,
				044BC56F2279437000FD7E5E /* 7_Setting */,
			);
			path = Views;
			sourceTree = "<group>";
		};
		044BC55E22793DAC00FD7E5E /* Widgets */ = {
			isa = PBXGroup;
			children = (
				040E5FCF228E87F000F568D0 /* PW */,
				04ED3314227C29B40092075E /* PlanetView.swift */,
				04DAC113228967D3005AA183 /* AbsSlideUpView.swift */,
				04EFA27E228A6DBB0062CA0B /* NavigationBar.swift */,
				04ED3317227C356C0092075E /* GradientView.swift */,
				15A3404022A54AFC00532D0F /* IntensityBlurVIew.swift */,
				04D3A0CB22B0996500E54E96 /* BlinkingTextView.swift */,
				042FF40D22B3342C00666DF9 /* Toast.swift */,
			);
			path = Widgets;
			sourceTree = "<group>";
		};
		044BC55F22793DF700FD7E5E /* 1_Splash */ = {
			isa = PBXGroup;
			children = (
				044BC54822793D3F00FD7E5E /* SplashController.swift */,
			);
			path = 1_Splash;
			sourceTree = "<group>";
		};
		044BC56022793E0200FD7E5E /* 2_PinCode */ = {
			isa = PBXGroup;
			children = (
				044BC5C8227BD2AF00FD7E5E /* Cells */,
				044BC572227943CD00FD7E5E /* PinCodeRegistrationController.swift */,
				044BC574227943DF00FD7E5E /* PinCodeCertificationController.swift */,
			);
			path = 2_PinCode;
			sourceTree = "<group>";
		};
		044BC56122793E0900FD7E5E /* 4_Main */ = {
			isa = PBXGroup;
			children = (
				04D9D34922B1E44000B66E79 /* ViewModel */,
				04180DE022AE00B800AB3246 /* DataSources */,
				0468C5F522966D45008307D8 /* Popups */,
				04116B302293DA8600CFD921 /* Models */,
				0429A6F7229248DD00E88ACF /* Cells */,
				044BC5822279446E00FD7E5E /* MainController.swift */,
				044A43DE22A0C59D00274B04 /* MainNavigationController.swift */,
			);
			path = 4_Main;
			sourceTree = "<group>";
		};
		044BC56222793E3400FD7E5E /* 3_Wallet */ = {
			isa = PBXGroup;
			children = (
				04FBCA44229E5B7A00DEEDD9 /* Popups */,
				044BC576227943F400FD7E5E /* WalletAddController.swift */,
				044BC5782279440D00FD7E5E /* PlanetGenerateController.swift */,
				044BC57A2279441F00FD7E5E /* WalletImportController.swift */,
				044BC57C2279443800FD7E5E /* MnemonicImportController.swift */,
				044BC57E2279444B00FD7E5E /* JSONImportController.swift */,
				044BC5802279445D00FD7E5E /* PrivateKeyImportController.swift */,
				04CC0844228D390800A8272B /* WalletImportPageController.swift */,
				04200F6422A66DDE00FE2A31 /* PlanetNameController.swift */,
			);
			path = 3_Wallet;
			sourceTree = "<group>";
		};
		044BC56322793E3A00FD7E5E /* 5_Token */ = {
			isa = PBXGroup;
			children = (
				04ED331F2281505C0092075E /* Cells */,
				044BC5882279449100FD7E5E /* Page */,
				044BC5842279447A00FD7E5E /* TokenAddController.swift */,
				04CC0842228CFB6A00A8272B /* TokenPageController.swift */,
			);
			path = 5_Token;
			sourceTree = "<group>";
		};
		044BC56422793E4C00FD7E5E /* 6_Transfer */ = {
			isa = PBXGroup;
			children = (
				04BA0B0822B7621100A25A93 /* Cells */,
				044BC59B2279A18B00FD7E5E /* TransferController.swift */,
				0472831222B878F7002EF9E5 /* QRCaptureController.swift */,
				04491C1F22B8988C00A5DC14 /* TransferAmountController.swift */,
				04491C2122B8D02500A5DC14 /* TransferConfirmController.swift */,
			);
			path = 6_Transfer;
			sourceTree = "<group>";
		};
		044BC56F2279437000FD7E5E /* 7_Setting */ = {
			isa = PBXGroup;
			children = (
				04DAC1152289683D005AA183 /* Popups */,
				04C82C7222840A6B00235883 /* Cells */,
				0456908B228BAE8200C6FF65 /* MainSetting */,
				04C82C9222890CF800235883 /* Board */,
				04C82C9122890CE000235883 /* DetailSetting */,
				04C82C9022890CD900235883 /* Planet */,
			);
			path = 7_Setting;
			sourceTree = "<group>";
		};
		044BC5882279449100FD7E5E /* Page */ = {
			isa = PBXGroup;
			children = (
				044BC589227944A400FD7E5E /* TokenListController.swift */,
				044BC58B227944B000FD7E5E /* CustomTokenController.swift */,
			);
			path = Page;
			sourceTree = "<group>";
		};
		044BC5A1227A9FD100FD7E5E /* commonset */ = {
			isa = PBXGroup;
			children = (
				044BC58D22794C4400FD7E5E /* AppConstant.swift */,
			);
			path = commonset;
			sourceTree = "<group>";
		};
		044BC5A2227A9FE700FD7E5E /* components */ = {
			isa = PBXGroup;
			children = (
				044BC5A3227A9FF600FD7E5E /* PlanetWalletViewController.swift */,
			);
			path = components;
			sourceTree = "<group>";
		};
		044BC5AF227AD38800FD7E5E /* Fonts */ = {
			isa = PBXGroup;
			children = (
				04C82C852288FAE400235883 /* WorkSans-Bold.otf */,
				04C82C882288FAE400235883 /* WorkSans-Medium.otf */,
				04C82C862288FAE400235883 /* WorkSans-Regular.otf */,
				04C82C872288FAE400235883 /* WorkSans-SemiBold.otf */,
			);
			path = Fonts;
			sourceTree = "<group>";
		};
		044BC5C8227BD2AF00FD7E5E /* Cells */ = {
			isa = PBXGroup;
			children = (
				044BC5B8227AE2C600FD7E5E /* PinView.swift */,
				044BC5B9227AE2C600FD7E5E /* PinView.xib */,
				044BC5C0227AF7BC00FD7E5E /* NumberPad.xib */,
				044BC5C2227B000700FD7E5E /* NumberPad.swift */,
				044BC5C4227BCDD500FD7E5E /* CharPad.xib */,
				044BC5C6227BCDE300FD7E5E /* CharPad.swift */,
			);
			path = Cells;
			sourceTree = "<group>";
		};
		0456908B228BAE8200C6FF65 /* MainSetting */ = {
			isa = PBXGroup;
			children = (
				044BC5862279448D00FD7E5E /* SettingController.swift */,
			);
			path = MainSetting;
			sourceTree = "<group>";
		};
		04675F2B229BD3D100DC3CFD /* Animations */ = {
			isa = PBXGroup;
			children = (
				04A551CE22A7C459007A17A3 /* refreshLoading.json */,
				044A43DC22A0BD3300274B04 /* splash_wh.json */,
				04675F23229BD38500DC3CFD /* refreshAnim1.json */,
				04675F27229BD3A200DC3CFD /* refreshAnim2.json */,
				04675F28229BD3A200DC3CFD /* refreshAnim3.json */,
				041113932292A63100E0222D /* splash.json */,
			);
			path = Animations;
			sourceTree = "<group>";
		};
		0468C5F522966D45008307D8 /* Popups */ = {
			isa = PBXGroup;
			children = (
				0444D09B22A512D5001E412C /* BottomMenuView.swift */,
				0444D09C22A512D6001E412C /* BottomMenuView.xib */,
				0468C5F622966D52008307D8 /* TopMenuLauncher.swift */,
				0468C5F822966D7E008307D8 /* TopMenuView.xib */,
				0468C5FA22966D8A008307D8 /* TopMenuView.swift */,
				04675F1E229BBD9F00DC3CFD /* BottomMenuLauncher.swift */,
				042FF41722B3822000666DF9 /* BottomMenuTokenView.xib */,
				042FF41922B3823000666DF9 /* BottomMenuTokenView.swift */,
			);
			path = Popups;
			sourceTree = "<group>";
		};
		04BA0B0822B7621100A25A93 /* Cells */ = {
			isa = PBXGroup;
			children = (
				042FF41522B3774300666DF9 /* QROverlay.swift */,
				04BA0B0922B7623100A25A93 /* ContactCell.swift */,
				04BA0B0B22B7625700A25A93 /* ContactCell.xib */,
				04BA0B0D22B76AA000A25A93 /* ContactAddrCell.xib */,
				04BA0B0F22B76AB000A25A93 /* ContactAddrCell.swift */,
			);
			path = Cells;
			sourceTree = "<group>";
		};
		04C82C7222840A6B00235883 /* Cells */ = {
			isa = PBXGroup;
			children = (
				04C82C7322840A7F00235883 /* PlanetCell.xib */,
				04C82C7522840A8F00235883 /* PlanetCell.swift */,
				04772E40228AB5F000049F89 /* CountryCodeCell.swift */,
				04772E42228AB65B00049F89 /* CountryCodeCell.xib */,
				0444A95E228BF0AD00232748 /* NoticeCell.xib */,
				0444A960228C041600232748 /* NoticeCell.swift */,
			);
			path = Cells;
			sourceTree = "<group>";
		};
		04C82C9022890CD900235883 /* Planet */ = {
			isa = PBXGroup;
			children = (
				04C82C9D22890DA800235883 /* RenamePlanetController.swift */,
				04C82CA722890DF500235883 /* MnemonicExportController.swift */,
				04C82CA922890E0400235883 /* PrivateKeyExportController.swift */,
				04C82CB322890F6600235883 /* PlanetManagementController.swift */,
				04C82CB722891FCC00235883 /* DetailPlanetController.swift */,
			);
			path = Planet;
			sourceTree = "<group>";
		};
		04C82C9122890CE000235883 /* DetailSetting */ = {
			isa = PBXGroup;
			children = (
				04C82C9B22890D9500235883 /* SecurityController.swift */,
			);
			path = DetailSetting;
			sourceTree = "<group>";
		};
		04C82C9222890CF800235883 /* Board */ = {
			isa = PBXGroup;
			children = (
				04C82C9322890D4700235883 /* BoardController.swift */,
				04C82C9522890D6400235883 /* DetailBoardController.swift */,
			);
			path = Board;
			sourceTree = "<group>";
		};
		04D3A0CD22B0D24E00E54E96 /* FMDB */ = {
			isa = PBXGroup;
			children = (
				04D3A0D922B0D26100E54E96 /* FMDatabase.h */,
				04D3A0D122B0D26100E54E96 /* FMDatabase.m */,
				04D3A0D822B0D26100E54E96 /* FMDatabaseAdditions.h */,
				04D3A0D322B0D26100E54E96 /* FMDatabaseAdditions.m */,
				04D3A0D722B0D26100E54E96 /* FMDatabasePool.h */,
				04D3A0D022B0D26100E54E96 /* FMDatabasePool.m */,
				04D3A0D522B0D26100E54E96 /* FMDatabaseQueue.h */,
				04D3A0DA22B0D26200E54E96 /* FMDatabaseQueue.m */,
				04D3A0D422B0D26100E54E96 /* FMDB.h */,
				04D3A0D222B0D26100E54E96 /* FMResultSet.h */,
				04D3A0D622B0D26100E54E96 /* FMResultSet.m */,
				04D3A0CE22B0D26000E54E96 /* PlanetWallet-Bridging-Header.h */,
				04D3A0E122B0D3AE00E54E96 /* DBManager.swift */,
				04D3A0E322B0F41D00E54E96 /* PlanetWalletDBManger.swift */,
			);
			path = FMDB;
			sourceTree = "<group>";
		};
		04D9D34922B1E44000B66E79 /* ViewModel */ = {
			isa = PBXGroup;
			children = (
				04D9D34722B1E43C00B66E79 /* BTCTransactionViewModel.swift */,
			);
			path = ViewModel;
			sourceTree = "<group>";
		};
		04DAC1152289683D005AA183 /* Popups */ = {
			isa = PBXGroup;
			children = (
				04DAC1162289685E005AA183 /* PopupCurrency.swift */,
				04DAC11822896876005AA183 /* PopupCurrency.xib */,
			);
			path = Popups;
			sourceTree = "<group>";
		};
		04ED331F2281505C0092075E /* Cells */ = {
			isa = PBXGroup;
			children = (
				04ED33202281506C0092075E /* TokenCell.xib */,
				04ED3322228150800092075E /* TokenCell.swift */,
			);
			path = Cells;
			sourceTree = "<group>";
		};
		04FBCA44229E5B7A00DEEDD9 /* Popups */ = {
			isa = PBXGroup;
			children = (
				04FBCA45229E5BA600DEEDD9 /* PopupUniverse.xib */,
				04FBCA47229E5BB200DEEDD9 /* PopupUniverse.swift */,
			);
			path = Popups;
			sourceTree = "<group>";
		};
		04FBCA49229E678000DEEDD9 /* networktask */ = {
			isa = PBXGroup;
			children = (
				04FBCA53229E801400DEEDD9 /* Delete.swift */,
				04FBCA52229E801300DEEDD9 /* Put.swift */,
				04FBCA4A229E679400DEEDD9 /* Post.swift */,
				04FBCA4C229E67A200DEEDD9 /* Get.swift */,
				04FBCA4E229E67ED00DEEDD9 /* NetworkDelegate.swift */,
				04FBCA50229E7FBA00DEEDD9 /* Patch.swift */,
			);
			path = networktask;
			sourceTree = "<group>";
		};
		A0315CB8F9480C007E773A4C /* Pods */ = {
			isa = PBXGroup;
			children = (
				92D7FED223D66DB8595508E7 /* Pods-PlanetWallet.debug.xcconfig */,
				4B5750B74DC0323179F83A93 /* Pods-PlanetWallet.release.xcconfig */,
			);
			path = Pods;
			sourceTree = "<group>";
		};
		F538829195BCEB2F0014B4EC /* Frameworks */ = {
			isa = PBXGroup;
			children = (
				045049452294E7040046E343 /* LocalAuthentication.framework */,
				635C41388B246F7EA5DB37A1 /* Pods_PlanetWallet.framework */,
			);
			name = Frameworks;
			sourceTree = "<group>";
		};
/* End PBXGroup section */

/* Begin PBXNativeTarget section */
		044BC54222793D3F00FD7E5E /* PlanetWallet */ = {
			isa = PBXNativeTarget;
			buildConfigurationList = 044BC55522793D4000FD7E5E /* Build configuration list for PBXNativeTarget "PlanetWallet" */;
			buildPhases = (
				B1658DD3D131822FFFD0101A /* [CP] Check Pods Manifest.lock */,
				044BC53F22793D3F00FD7E5E /* Sources */,
				044BC54022793D3F00FD7E5E /* Frameworks */,
				044BC54122793D3F00FD7E5E /* Resources */,
				0D3580AAF9EB8BABA649517D /* [CP] Embed Pods Frameworks */,
			);
			buildRules = (
			);
			dependencies = (
			);
			name = PlanetWallet;
			productName = PlanetWallet;
			productReference = 044BC54322793D3F00FD7E5E /* PlanetWallet.app */;
			productType = "com.apple.product-type.application";
		};
/* End PBXNativeTarget section */

/* Begin PBXProject section */
		044BC53B22793D3F00FD7E5E /* Project object */ = {
			isa = PBXProject;
			attributes = {
				LastSwiftUpdateCheck = 1020;
				LastUpgradeCheck = 1020;
				ORGANIZATIONNAME = grabity;
				TargetAttributes = {
					044BC54222793D3F00FD7E5E = {
						CreatedOnToolsVersion = 10.2.1;
						LastSwiftMigration = 1020;
						SystemCapabilities = {
							com.apple.BackgroundModes = {
								enabled = 1;
							};
						};
					};
				};
			};
			buildConfigurationList = 044BC53E22793D3F00FD7E5E /* Build configuration list for PBXProject "PlanetWallet" */;
			compatibilityVersion = "Xcode 9.3";
			developmentRegion = en;
			hasScannedForEncodings = 0;
			knownRegions = (
				en,
				Base,
				ko,
				"zh-Hans",
			);
			mainGroup = 044BC53A22793D3F00FD7E5E;
			productRefGroup = 044BC54422793D3F00FD7E5E /* Products */;
			projectDirPath = "";
			projectRoot = "";
			targets = (
				044BC54222793D3F00FD7E5E /* PlanetWallet */,
			);
		};
/* End PBXProject section */

/* Begin PBXResourcesBuildPhase section */
		044BC54122793D3F00FD7E5E /* Resources */ = {
			isa = PBXResourcesBuildPhase;
			buildActionMask = 2147483647;
			files = (
				04675F29229BD3A200DC3CFD /* refreshAnim2.json in Resources */,
				044BC5C1227AF7BC00FD7E5E /* NumberPad.xib in Resources */,
				0444A95F228BF0AD00232748 /* NoticeCell.xib in Resources */,
				04A551B922A7948B007A17A3 /* 7_Settings.storyboard in Resources */,
				04116B2D2293992E00CFD921 /* BTCTransactionCell.xib in Resources */,
				04A551C522A794EF007A17A3 /* 1_Splash.storyboard in Resources */,
				041113942292A63100E0222D /* splash.json in Resources */,
				044BC5C5227BCDD500FD7E5E /* CharPad.xib in Resources */,
				04ED33212281506C0092075E /* TokenCell.xib in Resources */,
				04A551C922A794EF007A17A3 /* LaunchScreen.storyboard in Resources */,
				042FF41822B3822000666DF9 /* BottomMenuTokenView.xib in Resources */,
				04675F26229BD38500DC3CFD /* refreshAnim1.json in Resources */,
				04DAC11922896876005AA183 /* PopupCurrency.xib in Resources */,
				04FBCA3F229E26CF00DEEDD9 /* MainTableFooter.xib in Resources */,
				04C82C8B2288FAE400235883 /* WorkSans-SemiBold.otf in Resources */,
				044BC54E22793D4000FD7E5E /* Assets.xcassets in Resources */,
				04FBCA46229E5BA600DEEDD9 /* PopupUniverse.xib in Resources */,
				04C82C8C2288FAE400235883 /* WorkSans-Medium.otf in Resources */,
				044BC56822793F8800FD7E5E /* 4_Main.storyboard in Resources */,
				04675F2A229BD3A200DC3CFD /* refreshAnim3.json in Resources */,
				0468C5FD22966E15008307D8 /* TopMenuCell.xib in Resources */,
				04BA0B0C22B7625700A25A93 /* ContactCell.xib in Resources */,
				044BC5BD227AE2C700FD7E5E /* PinView.xib in Resources */,
				04C82C7422840A7F00235883 /* PlanetCell.xib in Resources */,
				04A551C422A794EF007A17A3 /* 5_Token.storyboard in Resources */,
				04C82C892288FAE400235883 /* WorkSans-Bold.otf in Resources */,
				04A551C322A794EF007A17A3 /* 2_PinCode.storyboard in Resources */,
				04BA0B0E22B76AA000A25A93 /* ContactAddrCell.xib in Resources */,
				04A551C722A794EF007A17A3 /* 3_Wallet.storyboard in Resources */,
				0429A6FF22929DC900E88ACF /* ETHCoinCell.xib in Resources */,
				04A551CA22A794EF007A17A3 /* 7_3_Security.storyboard in Resources */,
				04A551C822A794EF007A17A3 /* 7_1_Planet.storyboard in Resources */,
				04A551CB22A794EF007A17A3 /* 6_Transfer.storyboard in Resources */,
				0468C5F922966D7E008307D8 /* TopMenuView.xib in Resources */,
				04772E43228AB65B00049F89 /* CountryCodeCell.xib in Resources */,
				044A43DD22A0BD3300274B04 /* splash_wh.json in Resources */,
				04A551C622A794EF007A17A3 /* 7_2_Account.storyboard in Resources */,
				04C82C8A2288FAE400235883 /* WorkSans-Regular.otf in Resources */,
				04A551CF22A7C459007A17A3 /* refreshLoading.json in Resources */,
				0444D09E22A512D6001E412C /* BottomMenuView.xib in Resources */,
			);
			runOnlyForDeploymentPostprocessing = 0;
		};
/* End PBXResourcesBuildPhase section */

/* Begin PBXShellScriptBuildPhase section */
		0D3580AAF9EB8BABA649517D /* [CP] Embed Pods Frameworks */ = {
			isa = PBXShellScriptBuildPhase;
			buildActionMask = 2147483647;
			files = (
			);
			inputFileListPaths = (
			);
			inputPaths = (
				"${PODS_ROOT}/Target Support Files/Pods-PlanetWallet/Pods-PlanetWallet-frameworks.sh",
				"${BUILT_PRODUCTS_DIR}/Alamofire/Alamofire.framework",
				"${BUILT_PRODUCTS_DIR}/AlamofireObjectMapper/AlamofireObjectMapper.framework",
				"${BUILT_PRODUCTS_DIR}/BigInt/BigInt.framework",
				"${BUILT_PRODUCTS_DIR}/ObjectMapper/ObjectMapper.framework",
				"${BUILT_PRODUCTS_DIR}/QRCode/QRCode.framework",
				"${BUILT_PRODUCTS_DIR}/SipHash/SipHash.framework",
				"${BUILT_PRODUCTS_DIR}/lottie-ios/Lottie.framework",
				"${BUILT_PRODUCTS_DIR}/secp256k1.swift/secp256k1.framework",
			);
			name = "[CP] Embed Pods Frameworks";
			outputFileListPaths = (
			);
			outputPaths = (
				"${TARGET_BUILD_DIR}/${FRAMEWORKS_FOLDER_PATH}/Alamofire.framework",
				"${TARGET_BUILD_DIR}/${FRAMEWORKS_FOLDER_PATH}/AlamofireObjectMapper.framework",
				"${TARGET_BUILD_DIR}/${FRAMEWORKS_FOLDER_PATH}/BigInt.framework",
				"${TARGET_BUILD_DIR}/${FRAMEWORKS_FOLDER_PATH}/ObjectMapper.framework",
				"${TARGET_BUILD_DIR}/${FRAMEWORKS_FOLDER_PATH}/QRCode.framework",
				"${TARGET_BUILD_DIR}/${FRAMEWORKS_FOLDER_PATH}/SipHash.framework",
				"${TARGET_BUILD_DIR}/${FRAMEWORKS_FOLDER_PATH}/Lottie.framework",
				"${TARGET_BUILD_DIR}/${FRAMEWORKS_FOLDER_PATH}/secp256k1.framework",
			);
			runOnlyForDeploymentPostprocessing = 0;
			shellPath = /bin/sh;
			shellScript = "\"${PODS_ROOT}/Target Support Files/Pods-PlanetWallet/Pods-PlanetWallet-frameworks.sh\"\n";
			showEnvVarsInLog = 0;
		};
		B1658DD3D131822FFFD0101A /* [CP] Check Pods Manifest.lock */ = {
			isa = PBXShellScriptBuildPhase;
			buildActionMask = 2147483647;
			files = (
			);
			inputFileListPaths = (
			);
			inputPaths = (
				"${PODS_PODFILE_DIR_PATH}/Podfile.lock",
				"${PODS_ROOT}/Manifest.lock",
			);
			name = "[CP] Check Pods Manifest.lock";
			outputFileListPaths = (
			);
			outputPaths = (
				"$(DERIVED_FILE_DIR)/Pods-PlanetWallet-checkManifestLockResult.txt",
			);
			runOnlyForDeploymentPostprocessing = 0;
			shellPath = /bin/sh;
			shellScript = "diff \"${PODS_PODFILE_DIR_PATH}/Podfile.lock\" \"${PODS_ROOT}/Manifest.lock\" > /dev/null\nif [ $? != 0 ] ; then\n    # print error to STDERR\n    echo \"error: The sandbox is not in sync with the Podfile.lock. Run 'pod install' or update your CocoaPods installation.\" >&2\n    exit 1\nfi\n# This output is used by Xcode 'outputs' to avoid re-running this script phase.\necho \"SUCCESS\" > \"${SCRIPT_OUTPUT_FILE_0}\"\n";
			showEnvVarsInLog = 0;
		};
/* End PBXShellScriptBuildPhase section */

/* Begin PBXSourcesBuildPhase section */
		044BC53F22793D3F00FD7E5E /* Sources */ = {
			isa = PBXSourcesBuildPhase;
			buildActionMask = 2147483647;
			files = (
				04116B2F2293994E00CFD921 /* BTCTransactionCell.swift in Sources */,
				04C82C7F228429C000235883 /* PWButton.swift in Sources */,
				04491C2222B8D02500A5DC14 /* TransferConfirmController.swift in Sources */,
				04FBCA57229E908100DEEDD9 /* Route.swift in Sources */,
				044BC573227943CD00FD7E5E /* PinCodeRegistrationController.swift in Sources */,
				04D3A0E422B0F41D00E54E96 /* PlanetWalletDBManger.swift in Sources */,
				04BA0B0A22B7623100A25A93 /* ContactCell.swift in Sources */,
				047A2CA122AF7D130053D153 /* Crypto.swift in Sources */,
				04D3A0DC22B0D26200E54E96 /* FMDatabasePool.m in Sources */,
				04C82CB422890F6600235883 /* PlanetManagementController.swift in Sources */,
				04D3A0E222B0D3AE00E54E96 /* DBManager.swift in Sources */,
				044BC5C3227B000700FD7E5E /* NumberPad.swift in Sources */,
				04D359EE22A74FD700BA2182 /* ERCToken.swift in Sources */,
				04FBCA51229E7FBA00DEEDD9 /* Patch.swift in Sources */,
				04CC0845228D390800A8272B /* WalletImportPageController.swift in Sources */,
				044BC5852279447A00FD7E5E /* TokenAddController.swift in Sources */,
				0444A961228C041600232748 /* NoticeCell.swift in Sources */,
				044BC575227943DF00FD7E5E /* PinCodeCertificationController.swift in Sources */,
				044BC58C227944B000FD7E5E /* CustomTokenController.swift in Sources */,
				044BC577227943F400FD7E5E /* WalletAddController.swift in Sources */,
				04FBCA4B229E679400DEEDD9 /* Post.swift in Sources */,
				04FBCA54229E801400DEEDD9 /* Put.swift in Sources */,
				04DAC1172289685E005AA183 /* PopupCurrency.swift in Sources */,
				04ED3323228150800092075E /* TokenCell.swift in Sources */,
				044A43DF22A0C59D00274B04 /* MainNavigationController.swift in Sources */,
				04C82C9622890D6400235883 /* DetailBoardController.swift in Sources */,
				0444D09D22A512D6001E412C /* BottomMenuView.swift in Sources */,
				04C82C81228429C000235883 /* PWTextView.swift in Sources */,
				04D3A0CC22B0996500E54E96 /* BlinkingTextView.swift in Sources */,
				044BC54922793D3F00FD7E5E /* SplashController.swift in Sources */,
				04FBCA55229E801400DEEDD9 /* Delete.swift in Sources */,
				044BC5792279440D00FD7E5E /* PlanetGenerateController.swift in Sources */,
				04BA0B1022B76AB000A25A93 /* ContactAddrCell.swift in Sources */,
				04A551CD22A79E07007A17A3 /* RippleAnimationView.swift in Sources */,
				04C82C84228429C000235883 /* Themable.swift in Sources */,
				044BC58E22794C4400FD7E5E /* AppConstant.swift in Sources */,
				044BC5A4227AA0FC00FD7E5E /* PlanetWalletViewController.swift in Sources */,
				04491C2022B8988C00A5DC14 /* TransferAmountController.swift in Sources */,
				04772E3F228AA91900049F89 /* PWSwitch.swift in Sources */,
				0444D0A022A51400001E412C /* PWBlurView.swift in Sources */,
				0429A70122929DDE00E88ACF /* ETHCoinCell.swift in Sources */,
				04ED3315227C29B40092075E /* PlanetView.swift in Sources */,
				04CC0843228CFB6A00A8272B /* TokenPageController.swift in Sources */,
				044BC59C2279A18B00FD7E5E /* TransferController.swift in Sources */,
				04C82C7E228429C000235883 /* PWTextField.swift in Sources */,
				04C82C9422890D4700235883 /* BoardController.swift in Sources */,
				044BC54722793D3F00FD7E5E /* AppDelegate.swift in Sources */,
				04116B322293DAAD00CFD921 /* ETHCoinDataSource.swift in Sources */,
				044BC59E2279A2E800FD7E5E /* PList.swift in Sources */,
				0468C5FB22966D8A008307D8 /* TopMenuView.swift in Sources */,
				04D9D34B22B1E46D00B66E79 /* BTCTransaction.swift in Sources */,
				044BC5942279704900FD7E5E /* Extension + UIView.swift in Sources */,
				044BC59022794ED200FD7E5E /* Utils.swift in Sources */,
				04772E41228AB5F000049F89 /* CountryCodeCell.swift in Sources */,
				04C82CAA22890E0400235883 /* PrivateKeyExportController.swift in Sources */,
				044BC59A227970A000FD7E5E /* Extension + Data.swift in Sources */,
				044A43E322A117C100274B04 /* TEstViewController.swift in Sources */,
				04FBCA4F229E67ED00DEEDD9 /* NetworkDelegate.swift in Sources */,
				04C82C9E22890DA800235883 /* RenamePlanetController.swift in Sources */,
				044BC57D2279443800FD7E5E /* MnemonicImportController.swift in Sources */,
				04D9D34D22B1EF0100B66E79 /* Extension + Double.swift in Sources */,
				04738B502282749C00758E56 /* ColorTheme.swift in Sources */,
				044BC5832279446E00FD7E5E /* MainController.swift in Sources */,
				04675F1F229BBD9F00DC3CFD /* BottomMenuLauncher.swift in Sources */,
				04675F19229B90C200DC3CFD /* Extension + CALayer.swift in Sources */,
				04D9D34822B1E43C00B66E79 /* BTCTransactionViewModel.swift in Sources */,
				15A3404122A54AFC00532D0F /* IntensityBlurVIew.swift in Sources */,
				04D3A0DF22B0D26200E54E96 /* FMResultSet.m in Sources */,
				04EFA27F228A6DBB0062CA0B /* NavigationBar.swift in Sources */,
				04D3A0DE22B0D26200E54E96 /* FMDatabaseAdditions.m in Sources */,
				0472831322B878F7002EF9E5 /* QRCaptureController.swift in Sources */,
				0468C5FF22966E23008307D8 /* TopMenuCell.swift in Sources */,
				044BC57B2279441F00FD7E5E /* WalletImportController.swift in Sources */,
				042FF41A22B3823000666DF9 /* BottomMenuTokenView.swift in Sources */,
				04C82CA822890DF500235883 /* MnemonicExportController.swift in Sources */,
				042FF40E22B3342C00666DF9 /* Toast.swift in Sources */,
				04D3A0DD22B0D26200E54E96 /* FMDatabase.m in Sources */,
				04FBCA43229E57D900DEEDD9 /* Extension + UIViewController.swift in Sources */,
				04ED3318227C356C0092075E /* GradientView.swift in Sources */,
				04C82C7622840A8F00235883 /* PlanetCell.swift in Sources */,
				044BC5BC227AE2C700FD7E5E /* PinView.swift in Sources */,
				044BC59222794EFC00FD7E5E /* Extension + Color.swift in Sources */,
				044BC5982279707800FD7E5E /* Extension + Array.swift in Sources */,
				044BC5962279705C00FD7E5E /* Extension + String.swift in Sources */,
				04200F6522A66DDE00FE2A31 /* PlanetNameController.swift in Sources */,
				044BC58A227944A400FD7E5E /* TokenListController.swift in Sources */,
				04116B342293DB9500CFD921 /* BTCTransactionDataSource.swift in Sources */,
				04DAC114228967D3005AA183 /* AbsSlideUpView.swift in Sources */,
				04738B4E22818BD100758E56 /* Extension + UIButton.swift in Sources */,
				0468C5F722966D52008307D8 /* TopMenuLauncher.swift in Sources */,
				044BC5812279445D00FD7E5E /* PrivateKeyImportController.swift in Sources */,
				04FBCA48229E5BB200DEEDD9 /* PopupUniverse.swift in Sources */,
				04C82C82228429C000235883 /* PWImageView.swift in Sources */,
				04D3A0E022B0D26200E54E96 /* FMDatabaseQueue.m in Sources */,
				04D359F022A74FFC00BA2182 /* UniverseType.swift in Sources */,
				04FBCA41229E26DE00DEEDD9 /* MainTableFooter.swift in Sources */,
				042FF41622B3774300666DF9 /* QROverlay.swift in Sources */,
				04C82C80228429C000235883 /* PWView.swift in Sources */,
				042FF41422B36BFE00666DF9 /* PWSlider.swift in Sources */,
				044BC5872279448D00FD7E5E /* SettingController.swift in Sources */,
				044BC57F2279444B00FD7E5E /* JSONImportController.swift in Sources */,
				04C82C9C22890D9500235883 /* SecurityController.swift in Sources */,
				04FBCA4D229E67A200DEEDD9 /* Get.swift in Sources */,
				044BC5C7227BCDE300FD7E5E /* CharPad.swift in Sources */,
				04C82CB822891FCC00235883 /* DetailPlanetController.swift in Sources */,
				04C82C83228429C000235883 /* PWLabel.swift in Sources */,
				042FF41222B34CF300666DF9 /* Extension + UILabel.swift in Sources */,
			);
			runOnlyForDeploymentPostprocessing = 0;
		};
/* End PBXSourcesBuildPhase section */

/* Begin XCBuildConfiguration section */
		044BC55322793D4000FD7E5E /* Debug */ = {
			isa = XCBuildConfiguration;
			buildSettings = {
				ALWAYS_SEARCH_USER_PATHS = NO;
				CLANG_ANALYZER_LOCALIZABILITY_NONLOCALIZED = YES;
				CLANG_ANALYZER_NONNULL = YES;
				CLANG_ANALYZER_NUMBER_OBJECT_CONVERSION = YES_AGGRESSIVE;
				CLANG_CXX_LANGUAGE_STANDARD = "gnu++14";
				CLANG_CXX_LIBRARY = "libc++";
				CLANG_ENABLE_MODULES = YES;
				CLANG_ENABLE_OBJC_ARC = YES;
				CLANG_ENABLE_OBJC_WEAK = YES;
				CLANG_WARN_BLOCK_CAPTURE_AUTORELEASING = YES;
				CLANG_WARN_BOOL_CONVERSION = YES;
				CLANG_WARN_COMMA = YES;
				CLANG_WARN_CONSTANT_CONVERSION = YES;
				CLANG_WARN_DEPRECATED_OBJC_IMPLEMENTATIONS = YES;
				CLANG_WARN_DIRECT_OBJC_ISA_USAGE = YES_ERROR;
				CLANG_WARN_DOCUMENTATION_COMMENTS = YES;
				CLANG_WARN_EMPTY_BODY = YES;
				CLANG_WARN_ENUM_CONVERSION = YES;
				CLANG_WARN_INFINITE_RECURSION = YES;
				CLANG_WARN_INT_CONVERSION = YES;
				CLANG_WARN_NON_LITERAL_NULL_CONVERSION = YES;
				CLANG_WARN_OBJC_IMPLICIT_RETAIN_SELF = YES;
				CLANG_WARN_OBJC_LITERAL_CONVERSION = YES;
				CLANG_WARN_OBJC_ROOT_CLASS = YES_ERROR;
				CLANG_WARN_RANGE_LOOP_ANALYSIS = YES;
				CLANG_WARN_STRICT_PROTOTYPES = YES;
				CLANG_WARN_SUSPICIOUS_MOVE = YES;
				CLANG_WARN_UNGUARDED_AVAILABILITY = YES_AGGRESSIVE;
				CLANG_WARN_UNREACHABLE_CODE = YES;
				CLANG_WARN__DUPLICATE_METHOD_MATCH = YES;
				CODE_SIGN_IDENTITY = "iPhone Developer";
				COPY_PHASE_STRIP = NO;
				DEBUG_INFORMATION_FORMAT = dwarf;
				ENABLE_STRICT_OBJC_MSGSEND = YES;
				ENABLE_TESTABILITY = YES;
				GCC_C_LANGUAGE_STANDARD = gnu11;
				GCC_DYNAMIC_NO_PIC = NO;
				GCC_NO_COMMON_BLOCKS = YES;
				GCC_OPTIMIZATION_LEVEL = 0;
				GCC_PREPROCESSOR_DEFINITIONS = (
					"DEBUG=1",
					"$(inherited)",
				);
				GCC_WARN_64_TO_32_BIT_CONVERSION = YES;
				GCC_WARN_ABOUT_RETURN_TYPE = YES_ERROR;
				GCC_WARN_UNDECLARED_SELECTOR = YES;
				GCC_WARN_UNINITIALIZED_AUTOS = YES_AGGRESSIVE;
				GCC_WARN_UNUSED_FUNCTION = YES;
				GCC_WARN_UNUSED_VARIABLE = YES;
				IPHONEOS_DEPLOYMENT_TARGET = 12.2;
				MTL_ENABLE_DEBUG_INFO = INCLUDE_SOURCE;
				MTL_FAST_MATH = YES;
				ONLY_ACTIVE_ARCH = YES;
				SDKROOT = iphoneos;
				SWIFT_ACTIVE_COMPILATION_CONDITIONS = DEBUG;
				SWIFT_OPTIMIZATION_LEVEL = "-Onone";
			};
			name = Debug;
		};
		044BC55422793D4000FD7E5E /* Release */ = {
			isa = XCBuildConfiguration;
			buildSettings = {
				ALWAYS_SEARCH_USER_PATHS = NO;
				CLANG_ANALYZER_LOCALIZABILITY_NONLOCALIZED = YES;
				CLANG_ANALYZER_NONNULL = YES;
				CLANG_ANALYZER_NUMBER_OBJECT_CONVERSION = YES_AGGRESSIVE;
				CLANG_CXX_LANGUAGE_STANDARD = "gnu++14";
				CLANG_CXX_LIBRARY = "libc++";
				CLANG_ENABLE_MODULES = YES;
				CLANG_ENABLE_OBJC_ARC = YES;
				CLANG_ENABLE_OBJC_WEAK = YES;
				CLANG_WARN_BLOCK_CAPTURE_AUTORELEASING = YES;
				CLANG_WARN_BOOL_CONVERSION = YES;
				CLANG_WARN_COMMA = YES;
				CLANG_WARN_CONSTANT_CONVERSION = YES;
				CLANG_WARN_DEPRECATED_OBJC_IMPLEMENTATIONS = YES;
				CLANG_WARN_DIRECT_OBJC_ISA_USAGE = YES_ERROR;
				CLANG_WARN_DOCUMENTATION_COMMENTS = YES;
				CLANG_WARN_EMPTY_BODY = YES;
				CLANG_WARN_ENUM_CONVERSION = YES;
				CLANG_WARN_INFINITE_RECURSION = YES;
				CLANG_WARN_INT_CONVERSION = YES;
				CLANG_WARN_NON_LITERAL_NULL_CONVERSION = YES;
				CLANG_WARN_OBJC_IMPLICIT_RETAIN_SELF = YES;
				CLANG_WARN_OBJC_LITERAL_CONVERSION = YES;
				CLANG_WARN_OBJC_ROOT_CLASS = YES_ERROR;
				CLANG_WARN_RANGE_LOOP_ANALYSIS = YES;
				CLANG_WARN_STRICT_PROTOTYPES = YES;
				CLANG_WARN_SUSPICIOUS_MOVE = YES;
				CLANG_WARN_UNGUARDED_AVAILABILITY = YES_AGGRESSIVE;
				CLANG_WARN_UNREACHABLE_CODE = YES;
				CLANG_WARN__DUPLICATE_METHOD_MATCH = YES;
				CODE_SIGN_IDENTITY = "iPhone Developer";
				COPY_PHASE_STRIP = NO;
				DEBUG_INFORMATION_FORMAT = "dwarf-with-dsym";
				ENABLE_NS_ASSERTIONS = NO;
				ENABLE_STRICT_OBJC_MSGSEND = YES;
				GCC_C_LANGUAGE_STANDARD = gnu11;
				GCC_NO_COMMON_BLOCKS = YES;
				GCC_WARN_64_TO_32_BIT_CONVERSION = YES;
				GCC_WARN_ABOUT_RETURN_TYPE = YES_ERROR;
				GCC_WARN_UNDECLARED_SELECTOR = YES;
				GCC_WARN_UNINITIALIZED_AUTOS = YES_AGGRESSIVE;
				GCC_WARN_UNUSED_FUNCTION = YES;
				GCC_WARN_UNUSED_VARIABLE = YES;
				IPHONEOS_DEPLOYMENT_TARGET = 12.2;
				MTL_ENABLE_DEBUG_INFO = NO;
				MTL_FAST_MATH = YES;
				SDKROOT = iphoneos;
				SWIFT_COMPILATION_MODE = wholemodule;
				SWIFT_OPTIMIZATION_LEVEL = "-O";
				VALIDATE_PRODUCT = YES;
			};
			name = Release;
		};
		044BC55622793D4000FD7E5E /* Debug */ = {
			isa = XCBuildConfiguration;
			baseConfigurationReference = 92D7FED223D66DB8595508E7 /* Pods-PlanetWallet.debug.xcconfig */;
			buildSettings = {
				ASSETCATALOG_COMPILER_APPICON_NAME = AppIcon;
				CLANG_ENABLE_MODULES = YES;
				CODE_SIGN_STYLE = Automatic;
				DEVELOPMENT_TEAM = 52645LAF7U;
				INFOPLIST_FILE = "$(SRCROOT)/PlanetWallet/Resources/Info.plist";
				IPHONEOS_DEPLOYMENT_TARGET = 11.0;
				LD_RUNPATH_SEARCH_PATHS = (
					"$(inherited)",
					"@executable_path/Frameworks",
				);
				PRODUCT_BUNDLE_IDENTIFIER = org.grabity.PlanetWallet;
				PRODUCT_NAME = "$(TARGET_NAME)";
				SWIFT_OBJC_BRIDGING_HEADER = "PlanetWallet/Common/FMDB/PlanetWallet-Bridging-Header.h";
				SWIFT_OPTIMIZATION_LEVEL = "-Onone";
				SWIFT_VERSION = 4.2;
				TARGETED_DEVICE_FAMILY = "1,2";
			};
			name = Debug;
		};
		044BC55722793D4000FD7E5E /* Release */ = {
			isa = XCBuildConfiguration;
			baseConfigurationReference = 4B5750B74DC0323179F83A93 /* Pods-PlanetWallet.release.xcconfig */;
			buildSettings = {
				ASSETCATALOG_COMPILER_APPICON_NAME = AppIcon;
				CLANG_ENABLE_MODULES = YES;
				CODE_SIGN_STYLE = Automatic;
				DEVELOPMENT_TEAM = 52645LAF7U;
				INFOPLIST_FILE = "$(SRCROOT)/PlanetWallet/Resources/Info.plist";
				IPHONEOS_DEPLOYMENT_TARGET = 11.0;
				LD_RUNPATH_SEARCH_PATHS = (
					"$(inherited)",
					"@executable_path/Frameworks",
				);
				PRODUCT_BUNDLE_IDENTIFIER = org.grabity.PlanetWallet;
				PRODUCT_NAME = "$(TARGET_NAME)";
				SWIFT_OBJC_BRIDGING_HEADER = "PlanetWallet/Common/FMDB/PlanetWallet-Bridging-Header.h";
				SWIFT_VERSION = 4.2;
				TARGETED_DEVICE_FAMILY = "1,2";
			};
			name = Release;
		};
/* End XCBuildConfiguration section */

/* Begin XCConfigurationList section */
		044BC53E22793D3F00FD7E5E /* Build configuration list for PBXProject "PlanetWallet" */ = {
			isa = XCConfigurationList;
			buildConfigurations = (
				044BC55322793D4000FD7E5E /* Debug */,
				044BC55422793D4000FD7E5E /* Release */,
			);
			defaultConfigurationIsVisible = 0;
			defaultConfigurationName = Release;
		};
		044BC55522793D4000FD7E5E /* Build configuration list for PBXNativeTarget "PlanetWallet" */ = {
			isa = XCConfigurationList;
			buildConfigurations = (
				044BC55622793D4000FD7E5E /* Debug */,
				044BC55722793D4000FD7E5E /* Release */,
			);
			defaultConfigurationIsVisible = 0;
			defaultConfigurationName = Release;
		};
/* End XCConfigurationList section */
	};
	rootObject = 044BC53B22793D3F00FD7E5E /* Project object */;
}
